// !$*UTF8*$!
{
	archiveVersion = 1;
	classes = {
	};
	objectVersion = 46;
	objects = {

/* Begin PBXBuildFile section */
		4D33A5551F601149C8E8BC74 /* libPods.a in Frameworks */ = {isa = PBXBuildFile; fileRef = F89E3162C72C62AA4505D4DD /* libPods.a */; };
		B00DFD0C1B2E7DC300F5ABC7 /* ArticleEntity.m in Sources */ = {isa = PBXBuildFile; fileRef = B00DFD0B1B2E7DC300F5ABC7 /* ArticleEntity.m */; };
		B00DFD0E1B2E869B00F5ABC7 /* ArticleCollectionViewController.swift in Sources */ = {isa = PBXBuildFile; fileRef = B00DFD0D1B2E869B00F5ABC7 /* ArticleCollectionViewController.swift */; };
		B00DFD111B2EAE1C00F5ABC7 /* Article2CollectionViewCell.swift in Sources */ = {isa = PBXBuildFile; fileRef = B00DFD0F1B2EAE1C00F5ABC7 /* Article2CollectionViewCell.swift */; };
		B00DFD121B2EAE1C00F5ABC7 /* Article2CollectionViewCell.xib in Resources */ = {isa = PBXBuildFile; fileRef = B00DFD101B2EAE1C00F5ABC7 /* Article2CollectionViewCell.xib */; };
		B00DFD171B2ECD3200F5ABC7 /* QuestionEntity.m in Sources */ = {isa = PBXBuildFile; fileRef = B00DFD161B2ECD3200F5ABC7 /* QuestionEntity.m */; };
		B00DFD191B2ED0B000F5ABC7 /* GoodCollectionViewController.swift in Sources */ = {isa = PBXBuildFile; fileRef = B00DFD181B2ED0B000F5ABC7 /* GoodCollectionViewController.swift */; };
		B00DFD1B1B2ED0D900F5ABC7 /* QuestionCollectionViewController.swift in Sources */ = {isa = PBXBuildFile; fileRef = B00DFD1A1B2ED0D900F5ABC7 /* QuestionCollectionViewController.swift */; };
		B00DFD1E1B2ED1E600F5ABC7 /* GoodCollectionViewCell.swift in Sources */ = {isa = PBXBuildFile; fileRef = B00DFD1C1B2ED1E600F5ABC7 /* GoodCollectionViewCell.swift */; };
		B00DFD1F1B2ED1E600F5ABC7 /* GoodCollectionViewCell.xib in Resources */ = {isa = PBXBuildFile; fileRef = B00DFD1D1B2ED1E600F5ABC7 /* GoodCollectionViewCell.xib */; };
		B00DFD221B2ED48F00F5ABC7 /* GoodEntity.m in Sources */ = {isa = PBXBuildFile; fileRef = B00DFD211B2ED48F00F5ABC7 /* GoodEntity.m */; };
		B04A860D1B314504005C93B2 /* GuideViewController.swift in Sources */ = {isa = PBXBuildFile; fileRef = B04A860C1B314504005C93B2 /* GuideViewController.swift */; };
		B0C66BBB1B2FB5B000C8421B /* Utility.swift in Sources */ = {isa = PBXBuildFile; fileRef = B0C66BBA1B2FB5B000C8421B /* Utility.swift */; };
		B0C66BBE1B2FB9B500C8421B /* QuestionCollectionViewCell.swift in Sources */ = {isa = PBXBuildFile; fileRef = B0C66BBC1B2FB9B500C8421B /* QuestionCollectionViewCell.swift */; };
		B0C66BBF1B2FB9B500C8421B /* QuestionCollectionViewCell.xib in Resources */ = {isa = PBXBuildFile; fileRef = B0C66BBD1B2FB9B500C8421B /* QuestionCollectionViewCell.xib */; };
		B0C66BC71B2FD4A200C8421B /* WebViewController.swift in Sources */ = {isa = PBXBuildFile; fileRef = B0C66BC51B2FD4A200C8421B /* WebViewController.swift */; };
		B0C66BCB1B301DE700C8421B /* EmptyCollectionReusableView.swift in Sources */ = {isa = PBXBuildFile; fileRef = B0C66BC91B301DE700C8421B /* EmptyCollectionReusableView.swift */; };
		B0C66BCC1B301DE700C8421B /* EmptyCollectionReusableView.xib in Resources */ = {isa = PBXBuildFile; fileRef = B0C66BCA1B301DE700C8421B /* EmptyCollectionReusableView.xib */; };
		B0C8369C1B2688AB006C381E /* HomeCollectionViewController.swift in Sources */ = {isa = PBXBuildFile; fileRef = B0C8369B1B2688AB006C381E /* HomeCollectionViewController.swift */; };
		B0C8369F1B268902006C381E /* HomeCollectionViewCell.swift in Sources */ = {isa = PBXBuildFile; fileRef = B0C8369D1B268902006C381E /* HomeCollectionViewCell.swift */; };
		B0C836A01B268902006C381E /* HomeCollectionViewCell.xib in Resources */ = {isa = PBXBuildFile; fileRef = B0C8369E1B268902006C381E /* HomeCollectionViewCell.xib */; };
		B0C836A51B268B71006C381E /* HomepageEntity.m in Sources */ = {isa = PBXBuildFile; fileRef = B0C836A41B268B71006C381E /* HomepageEntity.m */; };
		B0C837AB1B269766006C381E /* Century Gothic Bold.ttf in Resources */ = {isa = PBXBuildFile; fileRef = B0C836AE1B269766006C381E /* Century Gothic Bold.ttf */; };
		B0C837AC1B269766006C381E /* cmtBackImg@2x.png in Resources */ = {isa = PBXBuildFile; fileRef = B0C836AF1B269766006C381E /* cmtBackImg@2x.png */; };
		B0C837AD1B269766006C381E /* cmtBackImg_nt@2x.png in Resources */ = {isa = PBXBuildFile; fileRef = B0C836B01B269766006C381E /* cmtBackImg_nt@2x.png */; };
		B0C837AE1B269766006C381E /* collectionHeadBg@2x.png in Resources */ = {isa = PBXBuildFile; fileRef = B0C836B11B269766006C381E /* collectionHeadBg@2x.png */; };
		B0C837AF1B269766006C381E /* collectionHeadBg_iPad@2x.png in Resources */ = {isa = PBXBuildFile; fileRef = B0C836B21B269766006C381E /* collectionHeadBg_iPad@2x.png */; };
		B0C837B01B269766006C381E /* colLine@2x.png in Resources */ = {isa = PBXBuildFile; fileRef = B0C836B31B269766006C381E /* colLine@2x.png */; };
		B0C837B11B269766006C381E /* colLine_nt@2x.png in Resources */ = {isa = PBXBuildFile; fileRef = B0C836B41B269766006C381E /* colLine_nt@2x.png */; };
		B0C837B31B269766006C381E /* conClipLine_nt@2x.png in Resources */ = {isa = PBXBuildFile; fileRef = B0C836B61B269766006C381E /* conClipLine_nt@2x.png */; };
		B0C837B41B269766006C381E /* conSetAdd@2x.png in Resources */ = {isa = PBXBuildFile; fileRef = B0C836B71B269766006C381E /* conSetAdd@2x.png */; };
		B0C837B51B269766006C381E /* conSetMin@2x.png in Resources */ = {isa = PBXBuildFile; fileRef = B0C836B81B269766006C381E /* conSetMin@2x.png */; };
		B0C837C21B269766006C381E /* dateline@2x.png in Resources */ = {isa = PBXBuildFile; fileRef = B0C836C51B269766006C381E /* dateline@2x.png */; };
		B0C837C31B269766006C381E /* dateline_iPad@2x.png in Resources */ = {isa = PBXBuildFile; fileRef = B0C836C61B269766006C381E /* dateline_iPad@2x.png */; };
		B0C837C41B269766006C381E /* dateline_nt@2x.png in Resources */ = {isa = PBXBuildFile; fileRef = B0C836C71B269766006C381E /* dateline_nt@2x.png */; };
		B0C837C51B269766006C381E /* dateline_nt_iPad@2x.png in Resources */ = {isa = PBXBuildFile; fileRef = B0C836C81B269766006C381E /* dateline_nt_iPad@2x.png */; };
		B0C837C61B269766006C381E /* followUsBtn@2x.png in Resources */ = {isa = PBXBuildFile; fileRef = B0C836C91B269766006C381E /* followUsBtn@2x.png */; };
		B0C837C71B269766006C381E /* followUsBtn_hl@2x.png in Resources */ = {isa = PBXBuildFile; fileRef = B0C836CA1B269766006C381E /* followUsBtn_hl@2x.png */; };
		B0C837DC1B269766006C381E /* horizontalLine@2x.png in Resources */ = {isa = PBXBuildFile; fileRef = B0C836DF1B269766006C381E /* horizontalLine@2x.png */; };
		B0C838021B269766006C381E /* login_no.png in Resources */ = {isa = PBXBuildFile; fileRef = B0C837051B269766006C381E /* login_no.png */; };
		B0C838031B269766006C381E /* login_noH.png in Resources */ = {isa = PBXBuildFile; fileRef = B0C837061B269766006C381E /* login_noH.png */; };
		B0C838041B269766006C381E /* login_sina.png in Resources */ = {isa = PBXBuildFile; fileRef = B0C837071B269766006C381E /* login_sina.png */; };
		B0C838051B269766006C381E /* login_sinaH.png in Resources */ = {isa = PBXBuildFile; fileRef = B0C837081B269766006C381E /* login_sinaH.png */; };
		B0C8380A1B269766006C381E /* longWbBackImg.png in Resources */ = {isa = PBXBuildFile; fileRef = B0C8370D1B269766006C381E /* longWbBackImg.png */; };
		B0C8380B1B269766006C381E /* main_leftArrow.png in Resources */ = {isa = PBXBuildFile; fileRef = B0C8370E1B269766006C381E /* main_leftArrow.png */; };
		B0C8380C1B269766006C381E /* main_leftArrowH.png in Resources */ = {isa = PBXBuildFile; fileRef = B0C8370F1B269766006C381E /* main_leftArrowH.png */; };
		B0C838171B269766006C381E /* p_arrow@2x.png in Resources */ = {isa = PBXBuildFile; fileRef = B0C8371A1B269766006C381E /* p_arrow@2x.png */; };
		B0C838181B269766006C381E /* p_arrow_nt@2x.png in Resources */ = {isa = PBXBuildFile; fileRef = B0C8371B1B269766006C381E /* p_arrow_nt@2x.png */; };
		B0C838191B269766006C381E /* p_con_arrow@2x.png in Resources */ = {isa = PBXBuildFile; fileRef = B0C8371C1B269766006C381E /* p_con_arrow@2x.png */; };
		B0C8381A1B269766006C381E /* p_con_arrow_hl@2x.png in Resources */ = {isa = PBXBuildFile; fileRef = B0C8371D1B269766006C381E /* p_con_arrow_hl@2x.png */; };
		B0C8381B1B269766006C381E /* p_con_arrow_iPad@2x.png in Resources */ = {isa = PBXBuildFile; fileRef = B0C8371E1B269766006C381E /* p_con_arrow_iPad@2x.png */; };
		B0C8381C1B269766006C381E /* p_line.png in Resources */ = {isa = PBXBuildFile; fileRef = B0C8371F1B269766006C381E /* p_line.png */; };
		B0C8381F1B269766006C381E /* p_titleBg@2x.png in Resources */ = {isa = PBXBuildFile; fileRef = B0C837221B269766006C381E /* p_titleBg@2x.png */; };
		B0C838261B269766006C381E /* perCenterNavBackImg@2x.png in Resources */ = {isa = PBXBuildFile; fileRef = B0C837291B269766006C381E /* perCenterNavBackImg@2x.png */; };
		B0C838351B269766006C381E /* que_line.png in Resources */ = {isa = PBXBuildFile; fileRef = B0C837381B269766006C381E /* que_line.png */; };
		B0C838361B269766006C381E /* que_line_nt.png in Resources */ = {isa = PBXBuildFile; fileRef = B0C837391B269766006C381E /* que_line_nt.png */; };
		B0C838371B269766006C381E /* que_UserHeadBg.png in Resources */ = {isa = PBXBuildFile; fileRef = B0C8373A1B269766006C381E /* que_UserHeadBg.png */; };
		B0C838381B269766006C381E /* que_UserHeadBg_iPad.png in Resources */ = {isa = PBXBuildFile; fileRef = B0C8373B1B269766006C381E /* que_UserHeadBg_iPad.png */; };
		B0C838391B269766006C381E /* que_UserHeadBg_nt.png in Resources */ = {isa = PBXBuildFile; fileRef = B0C8373C1B269766006C381E /* que_UserHeadBg_nt.png */; };
		B0C8383A1B269766006C381E /* que_UserHeadBg_nt_iPad.png in Resources */ = {isa = PBXBuildFile; fileRef = B0C8373D1B269766006C381E /* que_UserHeadBg_nt_iPad.png */; };
		B0C838431B269766006C381E /* recomBack_iPad@2x.png in Resources */ = {isa = PBXBuildFile; fileRef = B0C837461B269766006C381E /* recomBack_iPad@2x.png */; };
		B0C838441B269766006C381E /* recomBack_nt_iPad@2x.png in Resources */ = {isa = PBXBuildFile; fileRef = B0C837471B269766006C381E /* recomBack_nt_iPad@2x.png */; };
		B0C838471B269766006C381E /* sex_female@2x.png in Resources */ = {isa = PBXBuildFile; fileRef = B0C8374A1B269766006C381E /* sex_female@2x.png */; };
		B0C838481B269766006C381E /* sex_male@2x.png in Resources */ = {isa = PBXBuildFile; fileRef = B0C8374B1B269766006C381E /* sex_male@2x.png */; };
		B0C838491B269766006C381E /* share_col@2x.png in Resources */ = {isa = PBXBuildFile; fileRef = B0C8374C1B269766006C381E /* share_col@2x.png */; };
		B0C8384A1B269766006C381E /* share_col_iPad@2x.png in Resources */ = {isa = PBXBuildFile; fileRef = B0C8374D1B269766006C381E /* share_col_iPad@2x.png */; };
		B0C8384B1B269766006C381E /* share_coled@2x.png in Resources */ = {isa = PBXBuildFile; fileRef = B0C8374E1B269766006C381E /* share_coled@2x.png */; };
		B0C8384C1B269766006C381E /* share_coled_iPad@2x.png in Resources */ = {isa = PBXBuildFile; fileRef = B0C8374F1B269766006C381E /* share_coled_iPad@2x.png */; };
		B0C8384D1B269766006C381E /* share_day@2x.png in Resources */ = {isa = PBXBuildFile; fileRef = B0C837501B269766006C381E /* share_day@2x.png */; };
		B0C8384E1B269766006C381E /* share_day_iPad@2x.png in Resources */ = {isa = PBXBuildFile; fileRef = B0C837511B269766006C381E /* share_day_iPad@2x.png */; };
		B0C8384F1B269766006C381E /* share_disc@2x.png in Resources */ = {isa = PBXBuildFile; fileRef = B0C837521B269766006C381E /* share_disc@2x.png */; };
		B0C838501B269766006C381E /* share_disc_iPad@2x.png in Resources */ = {isa = PBXBuildFile; fileRef = B0C837531B269766006C381E /* share_disc_iPad@2x.png */; };
		B0C838511B269766006C381E /* share_font@2x.png in Resources */ = {isa = PBXBuildFile; fileRef = B0C837541B269766006C381E /* share_font@2x.png */; };
		B0C838521B269766006C381E /* share_font_iPad@2x.png in Resources */ = {isa = PBXBuildFile; fileRef = B0C837551B269766006C381E /* share_font_iPad@2x.png */; };
		B0C838531B269766006C381E /* share_night@2x.png in Resources */ = {isa = PBXBuildFile; fileRef = B0C837561B269766006C381E /* share_night@2x.png */; };
		B0C838541B269766006C381E /* share_night_iPad@2x.png in Resources */ = {isa = PBXBuildFile; fileRef = B0C837571B269766006C381E /* share_night_iPad@2x.png */; };
		B0C838551B269766006C381E /* share_renn@2x.png in Resources */ = {isa = PBXBuildFile; fileRef = B0C837581B269766006C381E /* share_renn@2x.png */; };
		B0C838561B269766006C381E /* share_renn_iPad@2x.png in Resources */ = {isa = PBXBuildFile; fileRef = B0C837591B269766006C381E /* share_renn_iPad@2x.png */; };
		B0C838571B269766006C381E /* share_rennH@2x.png in Resources */ = {isa = PBXBuildFile; fileRef = B0C8375A1B269766006C381E /* share_rennH@2x.png */; };
		B0C838581B269766006C381E /* share_rennH_iPad@2x.png in Resources */ = {isa = PBXBuildFile; fileRef = B0C8375B1B269766006C381E /* share_rennH_iPad@2x.png */; };
		B0C838591B269766006C381E /* share_save@2x.png in Resources */ = {isa = PBXBuildFile; fileRef = B0C8375C1B269766006C381E /* share_save@2x.png */; };
		B0C8385A1B269766006C381E /* share_save_iPad@2x.png in Resources */ = {isa = PBXBuildFile; fileRef = B0C8375D1B269766006C381E /* share_save_iPad@2x.png */; };
		B0C8385B1B269766006C381E /* share_sina@2x.png in Resources */ = {isa = PBXBuildFile; fileRef = B0C8375E1B269766006C381E /* share_sina@2x.png */; };
		B0C8385C1B269766006C381E /* share_sina_iPad@2x.png in Resources */ = {isa = PBXBuildFile; fileRef = B0C8375F1B269766006C381E /* share_sina_iPad@2x.png */; };
		B0C8385D1B269766006C381E /* share_sinaH@2x.png in Resources */ = {isa = PBXBuildFile; fileRef = B0C837601B269766006C381E /* share_sinaH@2x.png */; };
		B0C8385E1B269766006C381E /* share_sinaH_iPad@2x.png in Resources */ = {isa = PBXBuildFile; fileRef = B0C837611B269766006C381E /* share_sinaH_iPad@2x.png */; };
		B0C8385F1B269766006C381E /* share_tc@2x.png in Resources */ = {isa = PBXBuildFile; fileRef = B0C837621B269766006C381E /* share_tc@2x.png */; };
		B0C838601B269766006C381E /* share_tc_iPad@2x.png in Resources */ = {isa = PBXBuildFile; fileRef = B0C837631B269766006C381E /* share_tc_iPad@2x.png */; };
		B0C838611B269766006C381E /* share_tcH@2x.png in Resources */ = {isa = PBXBuildFile; fileRef = B0C837641B269766006C381E /* share_tcH@2x.png */; };
		B0C838621B269766006C381E /* share_tcH_iPad@2x.png in Resources */ = {isa = PBXBuildFile; fileRef = B0C837651B269766006C381E /* share_tcH_iPad@2x.png */; };
		B0C838631B269766006C381E /* share_timeline@2x.png in Resources */ = {isa = PBXBuildFile; fileRef = B0C837661B269766006C381E /* share_timeline@2x.png */; };
		B0C838641B269766006C381E /* share_timeline_iPad@2x.png in Resources */ = {isa = PBXBuildFile; fileRef = B0C837671B269766006C381E /* share_timeline_iPad@2x.png */; };
		B0C838651B269766006C381E /* share_timelineH@2x.png in Resources */ = {isa = PBXBuildFile; fileRef = B0C837681B269766006C381E /* share_timelineH@2x.png */; };
		B0C838661B269766006C381E /* share_timelineH_iPad@2x.png in Resources */ = {isa = PBXBuildFile; fileRef = B0C837691B269766006C381E /* share_timelineH_iPad@2x.png */; };
		B0C838671B269766006C381E /* share_wc@2x.png in Resources */ = {isa = PBXBuildFile; fileRef = B0C8376A1B269766006C381E /* share_wc@2x.png */; };
		B0C838681B269766006C381E /* share_wc_iPad@2x.png in Resources */ = {isa = PBXBuildFile; fileRef = B0C8376B1B269766006C381E /* share_wc_iPad@2x.png */; };
		B0C838691B269766006C381E /* share_wcH@2x.png in Resources */ = {isa = PBXBuildFile; fileRef = B0C8376C1B269766006C381E /* share_wcH@2x.png */; };
		B0C8386A1B269766006C381E /* share_wcH_iPad@2x.png in Resources */ = {isa = PBXBuildFile; fileRef = B0C8376D1B269766006C381E /* share_wcH_iPad@2x.png */; };
		B0C8386B1B269766006C381E /* shareBg.png in Resources */ = {isa = PBXBuildFile; fileRef = B0C8376E1B269766006C381E /* shareBg.png */; };
		B0C8386C1B269766006C381E /* shareBg_iPad.png in Resources */ = {isa = PBXBuildFile; fileRef = B0C8376F1B269766006C381E /* shareBg_iPad.png */; };
		B0C8386D1B269766006C381E /* shareBg_nt.png in Resources */ = {isa = PBXBuildFile; fileRef = B0C837701B269766006C381E /* shareBg_nt.png */; };
		B0C8386E1B269766006C381E /* shareBg_nt_iPad.png in Resources */ = {isa = PBXBuildFile; fileRef = B0C837711B269766006C381E /* shareBg_nt_iPad.png */; };
		B0C8386F1B269766006C381E /* shareBgline.png in Resources */ = {isa = PBXBuildFile; fileRef = B0C837721B269766006C381E /* shareBgline.png */; };
		B0C838701B269766006C381E /* shareBgline_iPad.png in Resources */ = {isa = PBXBuildFile; fileRef = B0C837731B269766006C381E /* shareBgline_iPad.png */; };
		B0C838711B269766006C381E /* shareBgline_nt.png in Resources */ = {isa = PBXBuildFile; fileRef = B0C837741B269766006C381E /* shareBgline_nt.png */; };
		B0C838721B269766006C381E /* shareBgline_nt_iPad.png in Resources */ = {isa = PBXBuildFile; fileRef = B0C837751B269766006C381E /* shareBgline_nt_iPad.png */; };
		B0C8387B1B269766006C381E /* showMore@2x.png in Resources */ = {isa = PBXBuildFile; fileRef = B0C8377E1B269766006C381E /* showMore@2x.png */; };
		B0C8387C1B269766006C381E /* showMore_nt@2x.png in Resources */ = {isa = PBXBuildFile; fileRef = B0C8377F1B269766006C381E /* showMore_nt@2x.png */; };
		B0C8387D1B269766006C381E /* stick.png in Resources */ = {isa = PBXBuildFile; fileRef = B0C837801B269766006C381E /* stick.png */; };
		B0C8387E1B269766006C381E /* stick_iPad.png in Resources */ = {isa = PBXBuildFile; fileRef = B0C837811B269766006C381E /* stick_iPad.png */; };
		B0C8387F1B269766006C381E /* stick_nt.png in Resources */ = {isa = PBXBuildFile; fileRef = B0C837821B269766006C381E /* stick_nt.png */; };
		B0C838801B269766006C381E /* stick_nt_iPad.png in Resources */ = {isa = PBXBuildFile; fileRef = B0C837831B269766006C381E /* stick_nt_iPad.png */; };
		B0C838891B269766006C381E /* top_addCmt@2x.png in Resources */ = {isa = PBXBuildFile; fileRef = B0C8378C1B269766006C381E /* top_addCmt@2x.png */; };
		B0C8388A1B269766006C381E /* top_addCmt_hl@2x.png in Resources */ = {isa = PBXBuildFile; fileRef = B0C8378D1B269766006C381E /* top_addCmt_hl@2x.png */; };
		B0C8388B1B269766006C381E /* top_addCmt_nt@2x.png in Resources */ = {isa = PBXBuildFile; fileRef = B0C8378E1B269766006C381E /* top_addCmt_nt@2x.png */; };
		B0C8388C1B269766006C381E /* top_addCmt_nt_hl@2x.png in Resources */ = {isa = PBXBuildFile; fileRef = B0C8378F1B269766006C381E /* top_addCmt_nt_hl@2x.png */; };
		B0C8388D1B269766006C381E /* top_hot@2x.png in Resources */ = {isa = PBXBuildFile; fileRef = B0C837901B269766006C381E /* top_hot@2x.png */; };
		B0C8388E1B269766006C381E /* top_hot_hl@2x.png in Resources */ = {isa = PBXBuildFile; fileRef = B0C837911B269766006C381E /* top_hot_hl@2x.png */; };
		B0C8388F1B269766006C381E /* top_hot_nt@2x.png in Resources */ = {isa = PBXBuildFile; fileRef = B0C837921B269766006C381E /* top_hot_nt@2x.png */; };
		B0C838901B269766006C381E /* top_hot_nt_hl@2x.png in Resources */ = {isa = PBXBuildFile; fileRef = B0C837931B269766006C381E /* top_hot_nt_hl@2x.png */; };
		B0C838911B269766006C381E /* top_new@2x.png in Resources */ = {isa = PBXBuildFile; fileRef = B0C837941B269766006C381E /* top_new@2x.png */; };
		B0C838921B269766006C381E /* top_new_hl@2x.png in Resources */ = {isa = PBXBuildFile; fileRef = B0C837951B269766006C381E /* top_new_hl@2x.png */; };
		B0C838951B269766006C381E /* topbtn1@2x.png in Resources */ = {isa = PBXBuildFile; fileRef = B0C837981B269766006C381E /* topbtn1@2x.png */; };
		B0C838961B269766006C381E /* topbtn1_nt@2x.png in Resources */ = {isa = PBXBuildFile; fileRef = B0C837991B269766006C381E /* topbtn1_nt@2x.png */; };
		B0C838971B269766006C381E /* topbtn2@2x.png in Resources */ = {isa = PBXBuildFile; fileRef = B0C8379A1B269766006C381E /* topbtn2@2x.png */; };
		B0C838991B269766006C381E /* topbtn3@2x.png in Resources */ = {isa = PBXBuildFile; fileRef = B0C8379C1B269766006C381E /* topbtn3@2x.png */; };
		B0C8389B1B269766006C381E /* topHorLine@2x.png in Resources */ = {isa = PBXBuildFile; fileRef = B0C8379E1B269766006C381E /* topHorLine@2x.png */; };
		B0C8389C1B269766006C381E /* topVerLine@2x.png in Resources */ = {isa = PBXBuildFile; fileRef = B0C8379F1B269766006C381E /* topVerLine@2x.png */; };
		B0C8389D1B269766006C381E /* verticalLine@2x.png in Resources */ = {isa = PBXBuildFile; fileRef = B0C837A01B269766006C381E /* verticalLine@2x.png */; };
		B0C8389E1B269766006C381E /* viewSetBgImg@2x.png in Resources */ = {isa = PBXBuildFile; fileRef = B0C837A11B269766006C381E /* viewSetBgImg@2x.png */; };
		B0C8389F1B269766006C381E /* wbShareBg_home.png in Resources */ = {isa = PBXBuildFile; fileRef = B0C837A21B269766006C381E /* wbShareBg_home.png */; };
		B0C838A01B269766006C381E /* wbShareLine.png in Resources */ = {isa = PBXBuildFile; fileRef = B0C837A31B269766006C381E /* wbShareLine.png */; };
		B0C838A21B26C964006C381E /* ApiClient.swift in Sources */ = {isa = PBXBuildFile; fileRef = B0C838A11B26C964006C381E /* ApiClient.swift */; };
		B0C84F001AD66AC800E11756 /* AppDelegate.swift in Sources */ = {isa = PBXBuildFile; fileRef = B0C84EFF1AD66AC800E11756 /* AppDelegate.swift */; };
		B0C84F071AD66AC800E11756 /* Main.storyboard in Resources */ = {isa = PBXBuildFile; fileRef = B0C84F051AD66AC800E11756 /* Main.storyboard */; };
		B0C84F091AD66AC800E11756 /* Images.xcassets in Resources */ = {isa = PBXBuildFile; fileRef = B0C84F081AD66AC800E11756 /* Images.xcassets */; };
		B0C84F0C1AD66AC800E11756 /* LaunchScreen.xib in Resources */ = {isa = PBXBuildFile; fileRef = B0C84F0A1AD66AC800E11756 /* LaunchScreen.xib */; };
		B0C84F181AD66AC800E11756 /* tabTestTests.swift in Sources */ = {isa = PBXBuildFile; fileRef = B0C84F171AD66AC800E11756 /* tabTestTests.swift */; };
		B0C8730B1AF0C7E1002F2DC1 /* UIViewController+custom.m in Sources */ = {isa = PBXBuildFile; fileRef = B0C8730A1AF0C7E1002F2DC1 /* UIViewController+custom.m */; };
		B0C873111AF0CFAF002F2DC1 /* PersonalTableViewController.swift in Sources */ = {isa = PBXBuildFile; fileRef = B0C873101AF0CFAF002F2DC1 /* PersonalTableViewController.swift */; };
/* End PBXBuildFile section */

/* Begin PBXContainerItemProxy section */
		B0C84F121AD66AC800E11756 /* PBXContainerItemProxy */ = {
			isa = PBXContainerItemProxy;
			containerPortal = B0C84EF21AD66AC800E11756 /* Project object */;
			proxyType = 1;
			remoteGlobalIDString = B0C84EF91AD66AC800E11756;
			remoteInfo = tabTest;
		};
/* End PBXContainerItemProxy section */

/* Begin PBXFileReference section */
		733782BE0AAF87BFF32906BE /* Pods.debug.xcconfig */ = {isa = PBXFileReference; includeInIndex = 1; lastKnownFileType = text.xcconfig; name = Pods.debug.xcconfig; path = "Pods/Target Support Files/Pods/Pods.debug.xcconfig"; sourceTree = "<group>"; };
		B00DFD061B2E7CD500F5ABC7 /* ArticleCollectionViewCell.swift */ = {isa = PBXFileReference; fileEncoding = 4; lastKnownFileType = sourcecode.swift; path = ArticleCollectionViewCell.swift; sourceTree = "<group>"; };
		B00DFD071B2E7CD500F5ABC7 /* ArticleCollectionViewCell.xib */ = {isa = PBXFileReference; fileEncoding = 4; lastKnownFileType = file.xib; path = ArticleCollectionViewCell.xib; sourceTree = "<group>"; };
		B00DFD0A1B2E7DC300F5ABC7 /* ArticleEntity.h */ = {isa = PBXFileReference; fileEncoding = 4; lastKnownFileType = sourcecode.c.h; path = ArticleEntity.h; sourceTree = "<group>"; };
		B00DFD0B1B2E7DC300F5ABC7 /* ArticleEntity.m */ = {isa = PBXFileReference; fileEncoding = 4; lastKnownFileType = sourcecode.c.objc; path = ArticleEntity.m; sourceTree = "<group>"; };
		B00DFD0D1B2E869B00F5ABC7 /* ArticleCollectionViewController.swift */ = {isa = PBXFileReference; fileEncoding = 4; lastKnownFileType = sourcecode.swift; path = ArticleCollectionViewController.swift; sourceTree = "<group>"; };
		B00DFD0F1B2EAE1C00F5ABC7 /* Article2CollectionViewCell.swift */ = {isa = PBXFileReference; fileEncoding = 4; lastKnownFileType = sourcecode.swift; path = Article2CollectionViewCell.swift; sourceTree = "<group>"; };
		B00DFD101B2EAE1C00F5ABC7 /* Article2CollectionViewCell.xib */ = {isa = PBXFileReference; fileEncoding = 4; lastKnownFileType = file.xib; path = Article2CollectionViewCell.xib; sourceTree = "<group>"; };
		B00DFD151B2ECD3200F5ABC7 /* QuestionEntity.h */ = {isa = PBXFileReference; fileEncoding = 4; lastKnownFileType = sourcecode.c.h; path = QuestionEntity.h; sourceTree = "<group>"; };
		B00DFD161B2ECD3200F5ABC7 /* QuestionEntity.m */ = {isa = PBXFileReference; fileEncoding = 4; lastKnownFileType = sourcecode.c.objc; path = QuestionEntity.m; sourceTree = "<group>"; };
		B00DFD181B2ED0B000F5ABC7 /* GoodCollectionViewController.swift */ = {isa = PBXFileReference; fileEncoding = 4; lastKnownFileType = sourcecode.swift; path = GoodCollectionViewController.swift; sourceTree = "<group>"; };
		B00DFD1A1B2ED0D900F5ABC7 /* QuestionCollectionViewController.swift */ = {isa = PBXFileReference; fileEncoding = 4; lastKnownFileType = sourcecode.swift; path = QuestionCollectionViewController.swift; sourceTree = "<group>"; };
		B00DFD1C1B2ED1E600F5ABC7 /* GoodCollectionViewCell.swift */ = {isa = PBXFileReference; fileEncoding = 4; lastKnownFileType = sourcecode.swift; path = GoodCollectionViewCell.swift; sourceTree = "<group>"; };
		B00DFD1D1B2ED1E600F5ABC7 /* GoodCollectionViewCell.xib */ = {isa = PBXFileReference; fileEncoding = 4; lastKnownFileType = file.xib; path = GoodCollectionViewCell.xib; sourceTree = "<group>"; };
		B00DFD201B2ED48F00F5ABC7 /* GoodEntity.h */ = {isa = PBXFileReference; fileEncoding = 4; lastKnownFileType = sourcecode.c.h; path = GoodEntity.h; sourceTree = "<group>"; };
		B00DFD211B2ED48F00F5ABC7 /* GoodEntity.m */ = {isa = PBXFileReference; fileEncoding = 4; lastKnownFileType = sourcecode.c.objc; path = GoodEntity.m; sourceTree = "<group>"; };
		B04A860C1B314504005C93B2 /* GuideViewController.swift */ = {isa = PBXFileReference; fileEncoding = 4; lastKnownFileType = sourcecode.swift; path = GuideViewController.swift; sourceTree = "<group>"; };
		B0C66BBA1B2FB5B000C8421B /* Utility.swift */ = {isa = PBXFileReference; fileEncoding = 4; lastKnownFileType = sourcecode.swift; path = Utility.swift; sourceTree = "<group>"; };
		B0C66BBC1B2FB9B500C8421B /* QuestionCollectionViewCell.swift */ = {isa = PBXFileReference; fileEncoding = 4; lastKnownFileType = sourcecode.swift; path = QuestionCollectionViewCell.swift; sourceTree = "<group>"; };
		B0C66BBD1B2FB9B500C8421B /* QuestionCollectionViewCell.xib */ = {isa = PBXFileReference; fileEncoding = 4; lastKnownFileType = file.xib; path = QuestionCollectionViewCell.xib; sourceTree = "<group>"; };
		B0C66BC51B2FD4A200C8421B /* WebViewController.swift */ = {isa = PBXFileReference; fileEncoding = 4; lastKnownFileType = sourcecode.swift; path = WebViewController.swift; sourceTree = "<group>"; };
		B0C66BC91B301DE700C8421B /* EmptyCollectionReusableView.swift */ = {isa = PBXFileReference; fileEncoding = 4; lastKnownFileType = sourcecode.swift; path = EmptyCollectionReusableView.swift; sourceTree = "<group>"; };
		B0C66BCA1B301DE700C8421B /* EmptyCollectionReusableView.xib */ = {isa = PBXFileReference; fileEncoding = 4; lastKnownFileType = file.xib; path = EmptyCollectionReusableView.xib; sourceTree = "<group>"; };
		B0C8369B1B2688AB006C381E /* HomeCollectionViewController.swift */ = {isa = PBXFileReference; fileEncoding = 4; lastKnownFileType = sourcecode.swift; path = HomeCollectionViewController.swift; sourceTree = "<group>"; };
		B0C8369D1B268902006C381E /* HomeCollectionViewCell.swift */ = {isa = PBXFileReference; fileEncoding = 4; lastKnownFileType = sourcecode.swift; path = HomeCollectionViewCell.swift; sourceTree = "<group>"; };
		B0C8369E1B268902006C381E /* HomeCollectionViewCell.xib */ = {isa = PBXFileReference; fileEncoding = 4; lastKnownFileType = file.xib; path = HomeCollectionViewCell.xib; sourceTree = "<group>"; };
		B0C836A31B268B71006C381E /* HomepageEntity.h */ = {isa = PBXFileReference; fileEncoding = 4; lastKnownFileType = sourcecode.c.h; path = HomepageEntity.h; sourceTree = "<group>"; };
		B0C836A41B268B71006C381E /* HomepageEntity.m */ = {isa = PBXFileReference; fileEncoding = 4; lastKnownFileType = sourcecode.c.objc; path = HomepageEntity.m; sourceTree = "<group>"; };
		B0C836AE1B269766006C381E /* Century Gothic Bold.ttf */ = {isa = PBXFileReference; lastKnownFileType = file; path = "Century Gothic Bold.ttf"; sourceTree = "<group>"; };
		B0C836AF1B269766006C381E /* cmtBackImg@2x.png */ = {isa = PBXFileReference; lastKnownFileType = image.png; path = "cmtBackImg@2x.png"; sourceTree = "<group>"; };
		B0C836B01B269766006C381E /* cmtBackImg_nt@2x.png */ = {isa = PBXFileReference; lastKnownFileType = image.png; path = "cmtBackImg_nt@2x.png"; sourceTree = "<group>"; };
		B0C836B11B269766006C381E /* collectionHeadBg@2x.png */ = {isa = PBXFileReference; lastKnownFileType = image.png; path = "collectionHeadBg@2x.png"; sourceTree = "<group>"; };
		B0C836B21B269766006C381E /* collectionHeadBg_iPad@2x.png */ = {isa = PBXFileReference; lastKnownFileType = image.png; path = "collectionHeadBg_iPad@2x.png"; sourceTree = "<group>"; };
		B0C836B31B269766006C381E /* colLine@2x.png */ = {isa = PBXFileReference; lastKnownFileType = image.png; path = "colLine@2x.png"; sourceTree = "<group>"; };
		B0C836B41B269766006C381E /* colLine_nt@2x.png */ = {isa = PBXFileReference; lastKnownFileType = image.png; path = "colLine_nt@2x.png"; sourceTree = "<group>"; };
		B0C836B61B269766006C381E /* conClipLine_nt@2x.png */ = {isa = PBXFileReference; lastKnownFileType = image.png; path = "conClipLine_nt@2x.png"; sourceTree = "<group>"; };
		B0C836B71B269766006C381E /* conSetAdd@2x.png */ = {isa = PBXFileReference; lastKnownFileType = image.png; path = "conSetAdd@2x.png"; sourceTree = "<group>"; };
		B0C836B81B269766006C381E /* conSetMin@2x.png */ = {isa = PBXFileReference; lastKnownFileType = image.png; path = "conSetMin@2x.png"; sourceTree = "<group>"; };
		B0C836C51B269766006C381E /* dateline@2x.png */ = {isa = PBXFileReference; lastKnownFileType = image.png; path = "dateline@2x.png"; sourceTree = "<group>"; };
		B0C836C61B269766006C381E /* dateline_iPad@2x.png */ = {isa = PBXFileReference; lastKnownFileType = image.png; path = "dateline_iPad@2x.png"; sourceTree = "<group>"; };
		B0C836C71B269766006C381E /* dateline_nt@2x.png */ = {isa = PBXFileReference; lastKnownFileType = image.png; path = "dateline_nt@2x.png"; sourceTree = "<group>"; };
		B0C836C81B269766006C381E /* dateline_nt_iPad@2x.png */ = {isa = PBXFileReference; lastKnownFileType = image.png; path = "dateline_nt_iPad@2x.png"; sourceTree = "<group>"; };
		B0C836C91B269766006C381E /* followUsBtn@2x.png */ = {isa = PBXFileReference; lastKnownFileType = image.png; path = "followUsBtn@2x.png"; sourceTree = "<group>"; };
		B0C836CA1B269766006C381E /* followUsBtn_hl@2x.png */ = {isa = PBXFileReference; lastKnownFileType = image.png; path = "followUsBtn_hl@2x.png"; sourceTree = "<group>"; };
		B0C836DF1B269766006C381E /* horizontalLine@2x.png */ = {isa = PBXFileReference; lastKnownFileType = image.png; path = "horizontalLine@2x.png"; sourceTree = "<group>"; };
		B0C837051B269766006C381E /* login_no.png */ = {isa = PBXFileReference; lastKnownFileType = image.png; path = login_no.png; sourceTree = "<group>"; };
		B0C837061B269766006C381E /* login_noH.png */ = {isa = PBXFileReference; lastKnownFileType = image.png; path = login_noH.png; sourceTree = "<group>"; };
		B0C837071B269766006C381E /* login_sina.png */ = {isa = PBXFileReference; lastKnownFileType = image.png; path = login_sina.png; sourceTree = "<group>"; };
		B0C837081B269766006C381E /* login_sinaH.png */ = {isa = PBXFileReference; lastKnownFileType = image.png; path = login_sinaH.png; sourceTree = "<group>"; };
		B0C8370D1B269766006C381E /* longWbBackImg.png */ = {isa = PBXFileReference; lastKnownFileType = image.png; path = longWbBackImg.png; sourceTree = "<group>"; };
		B0C8370E1B269766006C381E /* main_leftArrow.png */ = {isa = PBXFileReference; lastKnownFileType = image.png; path = main_leftArrow.png; sourceTree = "<group>"; };
		B0C8370F1B269766006C381E /* main_leftArrowH.png */ = {isa = PBXFileReference; lastKnownFileType = image.png; path = main_leftArrowH.png; sourceTree = "<group>"; };
		B0C8371A1B269766006C381E /* p_arrow@2x.png */ = {isa = PBXFileReference; lastKnownFileType = image.png; path = "p_arrow@2x.png"; sourceTree = "<group>"; };
		B0C8371B1B269766006C381E /* p_arrow_nt@2x.png */ = {isa = PBXFileReference; lastKnownFileType = image.png; path = "p_arrow_nt@2x.png"; sourceTree = "<group>"; };
		B0C8371C1B269766006C381E /* p_con_arrow@2x.png */ = {isa = PBXFileReference; lastKnownFileType = image.png; path = "p_con_arrow@2x.png"; sourceTree = "<group>"; };
		B0C8371D1B269766006C381E /* p_con_arrow_hl@2x.png */ = {isa = PBXFileReference; lastKnownFileType = image.png; path = "p_con_arrow_hl@2x.png"; sourceTree = "<group>"; };
		B0C8371E1B269766006C381E /* p_con_arrow_iPad@2x.png */ = {isa = PBXFileReference; lastKnownFileType = image.png; path = "p_con_arrow_iPad@2x.png"; sourceTree = "<group>"; };
		B0C8371F1B269766006C381E /* p_line.png */ = {isa = PBXFileReference; lastKnownFileType = image.png; path = p_line.png; sourceTree = "<group>"; };
		B0C837221B269766006C381E /* p_titleBg@2x.png */ = {isa = PBXFileReference; lastKnownFileType = image.png; path = "p_titleBg@2x.png"; sourceTree = "<group>"; };
		B0C837291B269766006C381E /* perCenterNavBackImg@2x.png */ = {isa = PBXFileReference; lastKnownFileType = image.png; path = "perCenterNavBackImg@2x.png"; sourceTree = "<group>"; };
		B0C837381B269766006C381E /* que_line.png */ = {isa = PBXFileReference; lastKnownFileType = image.png; path = que_line.png; sourceTree = "<group>"; };
		B0C837391B269766006C381E /* que_line_nt.png */ = {isa = PBXFileReference; lastKnownFileType = image.png; path = que_line_nt.png; sourceTree = "<group>"; };
		B0C8373A1B269766006C381E /* que_UserHeadBg.png */ = {isa = PBXFileReference; lastKnownFileType = image.png; path = que_UserHeadBg.png; sourceTree = "<group>"; };
		B0C8373B1B269766006C381E /* que_UserHeadBg_iPad.png */ = {isa = PBXFileReference; lastKnownFileType = image.png; path = que_UserHeadBg_iPad.png; sourceTree = "<group>"; };
		B0C8373C1B269766006C381E /* que_UserHeadBg_nt.png */ = {isa = PBXFileReference; lastKnownFileType = image.png; path = que_UserHeadBg_nt.png; sourceTree = "<group>"; };
		B0C8373D1B269766006C381E /* que_UserHeadBg_nt_iPad.png */ = {isa = PBXFileReference; lastKnownFileType = image.png; path = que_UserHeadBg_nt_iPad.png; sourceTree = "<group>"; };
		B0C837461B269766006C381E /* recomBack_iPad@2x.png */ = {isa = PBXFileReference; lastKnownFileType = image.png; path = "recomBack_iPad@2x.png"; sourceTree = "<group>"; };
		B0C837471B269766006C381E /* recomBack_nt_iPad@2x.png */ = {isa = PBXFileReference; lastKnownFileType = image.png; path = "recomBack_nt_iPad@2x.png"; sourceTree = "<group>"; };
		B0C8374A1B269766006C381E /* sex_female@2x.png */ = {isa = PBXFileReference; lastKnownFileType = image.png; path = "sex_female@2x.png"; sourceTree = "<group>"; };
		B0C8374B1B269766006C381E /* sex_male@2x.png */ = {isa = PBXFileReference; lastKnownFileType = image.png; path = "sex_male@2x.png"; sourceTree = "<group>"; };
		B0C8374C1B269766006C381E /* share_col@2x.png */ = {isa = PBXFileReference; lastKnownFileType = image.png; path = "share_col@2x.png"; sourceTree = "<group>"; };
		B0C8374D1B269766006C381E /* share_col_iPad@2x.png */ = {isa = PBXFileReference; lastKnownFileType = image.png; path = "share_col_iPad@2x.png"; sourceTree = "<group>"; };
		B0C8374E1B269766006C381E /* share_coled@2x.png */ = {isa = PBXFileReference; lastKnownFileType = image.png; path = "share_coled@2x.png"; sourceTree = "<group>"; };
		B0C8374F1B269766006C381E /* share_coled_iPad@2x.png */ = {isa = PBXFileReference; lastKnownFileType = image.png; path = "share_coled_iPad@2x.png"; sourceTree = "<group>"; };
		B0C837501B269766006C381E /* share_day@2x.png */ = {isa = PBXFileReference; lastKnownFileType = image.png; path = "share_day@2x.png"; sourceTree = "<group>"; };
		B0C837511B269766006C381E /* share_day_iPad@2x.png */ = {isa = PBXFileReference; lastKnownFileType = image.png; path = "share_day_iPad@2x.png"; sourceTree = "<group>"; };
		B0C837521B269766006C381E /* share_disc@2x.png */ = {isa = PBXFileReference; lastKnownFileType = image.png; path = "share_disc@2x.png"; sourceTree = "<group>"; };
		B0C837531B269766006C381E /* share_disc_iPad@2x.png */ = {isa = PBXFileReference; lastKnownFileType = image.png; path = "share_disc_iPad@2x.png"; sourceTree = "<group>"; };
		B0C837541B269766006C381E /* share_font@2x.png */ = {isa = PBXFileReference; lastKnownFileType = image.png; path = "share_font@2x.png"; sourceTree = "<group>"; };
		B0C837551B269766006C381E /* share_font_iPad@2x.png */ = {isa = PBXFileReference; lastKnownFileType = image.png; path = "share_font_iPad@2x.png"; sourceTree = "<group>"; };
		B0C837561B269766006C381E /* share_night@2x.png */ = {isa = PBXFileReference; lastKnownFileType = image.png; path = "share_night@2x.png"; sourceTree = "<group>"; };
		B0C837571B269766006C381E /* share_night_iPad@2x.png */ = {isa = PBXFileReference; lastKnownFileType = image.png; path = "share_night_iPad@2x.png"; sourceTree = "<group>"; };
		B0C837581B269766006C381E /* share_renn@2x.png */ = {isa = PBXFileReference; lastKnownFileType = image.png; path = "share_renn@2x.png"; sourceTree = "<group>"; };
		B0C837591B269766006C381E /* share_renn_iPad@2x.png */ = {isa = PBXFileReference; lastKnownFileType = image.png; path = "share_renn_iPad@2x.png"; sourceTree = "<group>"; };
		B0C8375A1B269766006C381E /* share_rennH@2x.png */ = {isa = PBXFileReference; lastKnownFileType = image.png; path = "share_rennH@2x.png"; sourceTree = "<group>"; };
		B0C8375B1B269766006C381E /* share_rennH_iPad@2x.png */ = {isa = PBXFileReference; lastKnownFileType = image.png; path = "share_rennH_iPad@2x.png"; sourceTree = "<group>"; };
		B0C8375C1B269766006C381E /* share_save@2x.png */ = {isa = PBXFileReference; lastKnownFileType = image.png; path = "share_save@2x.png"; sourceTree = "<group>"; };
		B0C8375D1B269766006C381E /* share_save_iPad@2x.png */ = {isa = PBXFileReference; lastKnownFileType = image.png; path = "share_save_iPad@2x.png"; sourceTree = "<group>"; };
		B0C8375E1B269766006C381E /* share_sina@2x.png */ = {isa = PBXFileReference; lastKnownFileType = image.png; path = "share_sina@2x.png"; sourceTree = "<group>"; };
		B0C8375F1B269766006C381E /* share_sina_iPad@2x.png */ = {isa = PBXFileReference; lastKnownFileType = image.png; path = "share_sina_iPad@2x.png"; sourceTree = "<group>"; };
		B0C837601B269766006C381E /* share_sinaH@2x.png */ = {isa = PBXFileReference; lastKnownFileType = image.png; path = "share_sinaH@2x.png"; sourceTree = "<group>"; };
		B0C837611B269766006C381E /* share_sinaH_iPad@2x.png */ = {isa = PBXFileReference; lastKnownFileType = image.png; path = "share_sinaH_iPad@2x.png"; sourceTree = "<group>"; };
		B0C837621B269766006C381E /* share_tc@2x.png */ = {isa = PBXFileReference; lastKnownFileType = image.png; path = "share_tc@2x.png"; sourceTree = "<group>"; };
		B0C837631B269766006C381E /* share_tc_iPad@2x.png */ = {isa = PBXFileReference; lastKnownFileType = image.png; path = "share_tc_iPad@2x.png"; sourceTree = "<group>"; };
		B0C837641B269766006C381E /* share_tcH@2x.png */ = {isa = PBXFileReference; lastKnownFileType = image.png; path = "share_tcH@2x.png"; sourceTree = "<group>"; };
		B0C837651B269766006C381E /* share_tcH_iPad@2x.png */ = {isa = PBXFileReference; lastKnownFileType = image.png; path = "share_tcH_iPad@2x.png"; sourceTree = "<group>"; };
		B0C837661B269766006C381E /* share_timeline@2x.png */ = {isa = PBXFileReference; lastKnownFileType = image.png; path = "share_timeline@2x.png"; sourceTree = "<group>"; };
		B0C837671B269766006C381E /* share_timeline_iPad@2x.png */ = {isa = PBXFileReference; lastKnownFileType = image.png; path = "share_timeline_iPad@2x.png"; sourceTree = "<group>"; };
		B0C837681B269766006C381E /* share_timelineH@2x.png */ = {isa = PBXFileReference; lastKnownFileType = image.png; path = "share_timelineH@2x.png"; sourceTree = "<group>"; };
		B0C837691B269766006C381E /* share_timelineH_iPad@2x.png */ = {isa = PBXFileReference; lastKnownFileType = image.png; path = "share_timelineH_iPad@2x.png"; sourceTree = "<group>"; };
		B0C8376A1B269766006C381E /* share_wc@2x.png */ = {isa = PBXFileReference; lastKnownFileType = image.png; path = "share_wc@2x.png"; sourceTree = "<group>"; };
		B0C8376B1B269766006C381E /* share_wc_iPad@2x.png */ = {isa = PBXFileReference; lastKnownFileType = image.png; path = "share_wc_iPad@2x.png"; sourceTree = "<group>"; };
		B0C8376C1B269766006C381E /* share_wcH@2x.png */ = {isa = PBXFileReference; lastKnownFileType = image.png; path = "share_wcH@2x.png"; sourceTree = "<group>"; };
		B0C8376D1B269766006C381E /* share_wcH_iPad@2x.png */ = {isa = PBXFileReference; lastKnownFileType = image.png; path = "share_wcH_iPad@2x.png"; sourceTree = "<group>"; };
		B0C8376E1B269766006C381E /* shareBg.png */ = {isa = PBXFileReference; lastKnownFileType = image.png; path = shareBg.png; sourceTree = "<group>"; };
		B0C8376F1B269766006C381E /* shareBg_iPad.png */ = {isa = PBXFileReference; lastKnownFileType = image.png; path = shareBg_iPad.png; sourceTree = "<group>"; };
		B0C837701B269766006C381E /* shareBg_nt.png */ = {isa = PBXFileReference; lastKnownFileType = image.png; path = shareBg_nt.png; sourceTree = "<group>"; };
		B0C837711B269766006C381E /* shareBg_nt_iPad.png */ = {isa = PBXFileReference; lastKnownFileType = image.png; path = shareBg_nt_iPad.png; sourceTree = "<group>"; };
		B0C837721B269766006C381E /* shareBgline.png */ = {isa = PBXFileReference; lastKnownFileType = image.png; path = shareBgline.png; sourceTree = "<group>"; };
		B0C837731B269766006C381E /* shareBgline_iPad.png */ = {isa = PBXFileReference; lastKnownFileType = image.png; path = shareBgline_iPad.png; sourceTree = "<group>"; };
		B0C837741B269766006C381E /* shareBgline_nt.png */ = {isa = PBXFileReference; lastKnownFileType = image.png; path = shareBgline_nt.png; sourceTree = "<group>"; };
		B0C837751B269766006C381E /* shareBgline_nt_iPad.png */ = {isa = PBXFileReference; lastKnownFileType = image.png; path = shareBgline_nt_iPad.png; sourceTree = "<group>"; };
		B0C8377E1B269766006C381E /* showMore@2x.png */ = {isa = PBXFileReference; lastKnownFileType = image.png; path = "showMore@2x.png"; sourceTree = "<group>"; };
		B0C8377F1B269766006C381E /* showMore_nt@2x.png */ = {isa = PBXFileReference; lastKnownFileType = image.png; path = "showMore_nt@2x.png"; sourceTree = "<group>"; };
		B0C837801B269766006C381E /* stick.png */ = {isa = PBXFileReference; lastKnownFileType = image.png; path = stick.png; sourceTree = "<group>"; };
		B0C837811B269766006C381E /* stick_iPad.png */ = {isa = PBXFileReference; lastKnownFileType = image.png; path = stick_iPad.png; sourceTree = "<group>"; };
		B0C837821B269766006C381E /* stick_nt.png */ = {isa = PBXFileReference; lastKnownFileType = image.png; path = stick_nt.png; sourceTree = "<group>"; };
		B0C837831B269766006C381E /* stick_nt_iPad.png */ = {isa = PBXFileReference; lastKnownFileType = image.png; path = stick_nt_iPad.png; sourceTree = "<group>"; };
		B0C8378C1B269766006C381E /* top_addCmt@2x.png */ = {isa = PBXFileReference; lastKnownFileType = image.png; path = "top_addCmt@2x.png"; sourceTree = "<group>"; };
		B0C8378D1B269766006C381E /* top_addCmt_hl@2x.png */ = {isa = PBXFileReference; lastKnownFileType = image.png; path = "top_addCmt_hl@2x.png"; sourceTree = "<group>"; };
		B0C8378E1B269766006C381E /* top_addCmt_nt@2x.png */ = {isa = PBXFileReference; lastKnownFileType = image.png; path = "top_addCmt_nt@2x.png"; sourceTree = "<group>"; };
		B0C8378F1B269766006C381E /* top_addCmt_nt_hl@2x.png */ = {isa = PBXFileReference; lastKnownFileType = image.png; path = "top_addCmt_nt_hl@2x.png"; sourceTree = "<group>"; };
		B0C837901B269766006C381E /* top_hot@2x.png */ = {isa = PBXFileReference; lastKnownFileType = image.png; path = "top_hot@2x.png"; sourceTree = "<group>"; };
		B0C837911B269766006C381E /* top_hot_hl@2x.png */ = {isa = PBXFileReference; lastKnownFileType = image.png; path = "top_hot_hl@2x.png"; sourceTree = "<group>"; };
		B0C837921B269766006C381E /* top_hot_nt@2x.png */ = {isa = PBXFileReference; lastKnownFileType = image.png; path = "top_hot_nt@2x.png"; sourceTree = "<group>"; };
		B0C837931B269766006C381E /* top_hot_nt_hl@2x.png */ = {isa = PBXFileReference; lastKnownFileType = image.png; path = "top_hot_nt_hl@2x.png"; sourceTree = "<group>"; };
		B0C837941B269766006C381E /* top_new@2x.png */ = {isa = PBXFileReference; lastKnownFileType = image.png; path = "top_new@2x.png"; sourceTree = "<group>"; };
		B0C837951B269766006C381E /* top_new_hl@2x.png */ = {isa = PBXFileReference; lastKnownFileType = image.png; path = "top_new_hl@2x.png"; sourceTree = "<group>"; };
		B0C837981B269766006C381E /* topbtn1@2x.png */ = {isa = PBXFileReference; lastKnownFileType = image.png; path = "topbtn1@2x.png"; sourceTree = "<group>"; };
		B0C837991B269766006C381E /* topbtn1_nt@2x.png */ = {isa = PBXFileReference; lastKnownFileType = image.png; path = "topbtn1_nt@2x.png"; sourceTree = "<group>"; };
		B0C8379A1B269766006C381E /* topbtn2@2x.png */ = {isa = PBXFileReference; lastKnownFileType = image.png; path = "topbtn2@2x.png"; sourceTree = "<group>"; };
		B0C8379C1B269766006C381E /* topbtn3@2x.png */ = {isa = PBXFileReference; lastKnownFileType = image.png; path = "topbtn3@2x.png"; sourceTree = "<group>"; };
		B0C8379E1B269766006C381E /* topHorLine@2x.png */ = {isa = PBXFileReference; lastKnownFileType = image.png; path = "topHorLine@2x.png"; sourceTree = "<group>"; };
		B0C8379F1B269766006C381E /* topVerLine@2x.png */ = {isa = PBXFileReference; lastKnownFileType = image.png; path = "topVerLine@2x.png"; sourceTree = "<group>"; };
		B0C837A01B269766006C381E /* verticalLine@2x.png */ = {isa = PBXFileReference; lastKnownFileType = image.png; path = "verticalLine@2x.png"; sourceTree = "<group>"; };
		B0C837A11B269766006C381E /* viewSetBgImg@2x.png */ = {isa = PBXFileReference; lastKnownFileType = image.png; path = "viewSetBgImg@2x.png"; sourceTree = "<group>"; };
		B0C837A21B269766006C381E /* wbShareBg_home.png */ = {isa = PBXFileReference; lastKnownFileType = image.png; path = wbShareBg_home.png; sourceTree = "<group>"; };
		B0C837A31B269766006C381E /* wbShareLine.png */ = {isa = PBXFileReference; lastKnownFileType = image.png; path = wbShareLine.png; sourceTree = "<group>"; };
		B0C838A11B26C964006C381E /* ApiClient.swift */ = {isa = PBXFileReference; fileEncoding = 4; lastKnownFileType = sourcecode.swift; path = ApiClient.swift; sourceTree = "<group>"; };
		B0C84EFA1AD66AC800E11756 /* tabTest.app */ = {isa = PBXFileReference; explicitFileType = wrapper.application; includeInIndex = 0; path = tabTest.app; sourceTree = BUILT_PRODUCTS_DIR; };
		B0C84EFE1AD66AC800E11756 /* Info.plist */ = {isa = PBXFileReference; lastKnownFileType = text.plist.xml; path = Info.plist; sourceTree = "<group>"; };
		B0C84EFF1AD66AC800E11756 /* AppDelegate.swift */ = {isa = PBXFileReference; lastKnownFileType = sourcecode.swift; path = AppDelegate.swift; sourceTree = "<group>"; };
		B0C84F061AD66AC800E11756 /* Base */ = {isa = PBXFileReference; lastKnownFileType = file.storyboard; name = Base; path = Base.lproj/Main.storyboard; sourceTree = "<group>"; };
		B0C84F081AD66AC800E11756 /* Images.xcassets */ = {isa = PBXFileReference; lastKnownFileType = folder.assetcatalog; path = Images.xcassets; sourceTree = "<group>"; };
		B0C84F0B1AD66AC800E11756 /* Base */ = {isa = PBXFileReference; lastKnownFileType = file.xib; name = Base; path = Base.lproj/LaunchScreen.xib; sourceTree = "<group>"; };
		B0C84F111AD66AC800E11756 /* tabTestTests.xctest */ = {isa = PBXFileReference; explicitFileType = wrapper.cfbundle; includeInIndex = 0; path = tabTestTests.xctest; sourceTree = BUILT_PRODUCTS_DIR; };
		B0C84F161AD66AC800E11756 /* Info.plist */ = {isa = PBXFileReference; lastKnownFileType = text.plist.xml; path = Info.plist; sourceTree = "<group>"; };
		B0C84F171AD66AC800E11756 /* tabTestTests.swift */ = {isa = PBXFileReference; lastKnownFileType = sourcecode.swift; path = tabTestTests.swift; sourceTree = "<group>"; };
		B0C873081AF0C7E1002F2DC1 /* tabTest-Bridging-Header.h */ = {isa = PBXFileReference; lastKnownFileType = sourcecode.c.h; path = "tabTest-Bridging-Header.h"; sourceTree = "<group>"; };
		B0C873091AF0C7E1002F2DC1 /* UIViewController+custom.h */ = {isa = PBXFileReference; fileEncoding = 4; lastKnownFileType = sourcecode.c.h; path = "UIViewController+custom.h"; sourceTree = "<group>"; };
		B0C8730A1AF0C7E1002F2DC1 /* UIViewController+custom.m */ = {isa = PBXFileReference; fileEncoding = 4; lastKnownFileType = sourcecode.c.objc; path = "UIViewController+custom.m"; sourceTree = "<group>"; };
		B0C873101AF0CFAF002F2DC1 /* PersonalTableViewController.swift */ = {isa = PBXFileReference; fileEncoding = 4; lastKnownFileType = sourcecode.swift; path = PersonalTableViewController.swift; sourceTree = "<group>"; };
		E94CA80CC106F626E93E8519 /* Pods.release.xcconfig */ = {isa = PBXFileReference; includeInIndex = 1; lastKnownFileType = text.xcconfig; name = Pods.release.xcconfig; path = "Pods/Target Support Files/Pods/Pods.release.xcconfig"; sourceTree = "<group>"; };
		F89E3162C72C62AA4505D4DD /* libPods.a */ = {isa = PBXFileReference; explicitFileType = archive.ar; includeInIndex = 0; path = libPods.a; sourceTree = BUILT_PRODUCTS_DIR; };
/* End PBXFileReference section */

/* Begin PBXFrameworksBuildPhase section */
		B0C84EF71AD66AC800E11756 /* Frameworks */ = {
			isa = PBXFrameworksBuildPhase;
			buildActionMask = 2147483647;
			files = (
				4D33A5551F601149C8E8BC74 /* libPods.a in Frameworks */,
			);
			runOnlyForDeploymentPostprocessing = 0;
		};
		B0C84F0E1AD66AC800E11756 /* Frameworks */ = {
			isa = PBXFrameworksBuildPhase;
			buildActionMask = 2147483647;
			files = (
			);
			runOnlyForDeploymentPostprocessing = 0;
		};
/* End PBXFrameworksBuildPhase section */

/* Begin PBXGroup section */
		38F3E1055D9EF1CFAEC1F839 /* Frameworks */ = {
			isa = PBXGroup;
			children = (
				F89E3162C72C62AA4505D4DD /* libPods.a */,
			);
			name = Frameworks;
			sourceTree = "<group>";
		};
		900F607BA1ECBC2759F2211F /* Pods */ = {
			isa = PBXGroup;
			children = (
				733782BE0AAF87BFF32906BE /* Pods.debug.xcconfig */,
				E94CA80CC106F626E93E8519 /* Pods.release.xcconfig */,
			);
			name = Pods;
			sourceTree = "<group>";
		};
		B0C836A21B268B3D006C381E /* Entity */ = {
			isa = PBXGroup;
			children = (
				B0C836A31B268B71006C381E /* HomepageEntity.h */,
				B0C836A41B268B71006C381E /* HomepageEntity.m */,
				B00DFD0A1B2E7DC300F5ABC7 /* ArticleEntity.h */,
				B00DFD0B1B2E7DC300F5ABC7 /* ArticleEntity.m */,
				B00DFD151B2ECD3200F5ABC7 /* QuestionEntity.h */,
				B00DFD161B2ECD3200F5ABC7 /* QuestionEntity.m */,
				B00DFD201B2ED48F00F5ABC7 /* GoodEntity.h */,
				B00DFD211B2ED48F00F5ABC7 /* GoodEntity.m */,
			);
			path = Entity;
			sourceTree = "<group>";
		};
		B0C836A61B269766006C381E /* imageSource */ = {
			isa = PBXGroup;
			children = (
				B0C836AE1B269766006C381E /* Century Gothic Bold.ttf */,
				B0C836AF1B269766006C381E /* cmtBackImg@2x.png */,
				B0C836B01B269766006C381E /* cmtBackImg_nt@2x.png */,
				B0C836B11B269766006C381E /* collectionHeadBg@2x.png */,
				B0C836B21B269766006C381E /* collectionHeadBg_iPad@2x.png */,
				B0C836B31B269766006C381E /* colLine@2x.png */,
				B0C836B41B269766006C381E /* colLine_nt@2x.png */,
				B0C836B61B269766006C381E /* conClipLine_nt@2x.png */,
				B0C836B71B269766006C381E /* conSetAdd@2x.png */,
				B0C836B81B269766006C381E /* conSetMin@2x.png */,
				B0C836C51B269766006C381E /* dateline@2x.png */,
				B0C836C61B269766006C381E /* dateline_iPad@2x.png */,
				B0C836C71B269766006C381E /* dateline_nt@2x.png */,
				B0C836C81B269766006C381E /* dateline_nt_iPad@2x.png */,
				B0C836C91B269766006C381E /* followUsBtn@2x.png */,
				B0C836CA1B269766006C381E /* followUsBtn_hl@2x.png */,
				B0C836DF1B269766006C381E /* horizontalLine@2x.png */,
				B0C837051B269766006C381E /* login_no.png */,
				B0C837061B269766006C381E /* login_noH.png */,
				B0C837071B269766006C381E /* login_sina.png */,
				B0C837081B269766006C381E /* login_sinaH.png */,
				B0C8370D1B269766006C381E /* longWbBackImg.png */,
				B0C8370E1B269766006C381E /* main_leftArrow.png */,
				B0C8370F1B269766006C381E /* main_leftArrowH.png */,
				B0C8371A1B269766006C381E /* p_arrow@2x.png */,
				B0C8371B1B269766006C381E /* p_arrow_nt@2x.png */,
				B0C8371C1B269766006C381E /* p_con_arrow@2x.png */,
				B0C8371D1B269766006C381E /* p_con_arrow_hl@2x.png */,
				B0C8371E1B269766006C381E /* p_con_arrow_iPad@2x.png */,
				B0C8371F1B269766006C381E /* p_line.png */,
				B0C837221B269766006C381E /* p_titleBg@2x.png */,
				B0C837291B269766006C381E /* perCenterNavBackImg@2x.png */,
				B0C837381B269766006C381E /* que_line.png */,
				B0C837391B269766006C381E /* que_line_nt.png */,
				B0C8373A1B269766006C381E /* que_UserHeadBg.png */,
				B0C8373B1B269766006C381E /* que_UserHeadBg_iPad.png */,
				B0C8373C1B269766006C381E /* que_UserHeadBg_nt.png */,
				B0C8373D1B269766006C381E /* que_UserHeadBg_nt_iPad.png */,
				B0C837461B269766006C381E /* recomBack_iPad@2x.png */,
				B0C837471B269766006C381E /* recomBack_nt_iPad@2x.png */,
				B0C8374A1B269766006C381E /* sex_female@2x.png */,
				B0C8374B1B269766006C381E /* sex_male@2x.png */,
				B0C8374C1B269766006C381E /* share_col@2x.png */,
				B0C8374D1B269766006C381E /* share_col_iPad@2x.png */,
				B0C8374E1B269766006C381E /* share_coled@2x.png */,
				B0C8374F1B269766006C381E /* share_coled_iPad@2x.png */,
				B0C837501B269766006C381E /* share_day@2x.png */,
				B0C837511B269766006C381E /* share_day_iPad@2x.png */,
				B0C837521B269766006C381E /* share_disc@2x.png */,
				B0C837531B269766006C381E /* share_disc_iPad@2x.png */,
				B0C837541B269766006C381E /* share_font@2x.png */,
				B0C837551B269766006C381E /* share_font_iPad@2x.png */,
				B0C837561B269766006C381E /* share_night@2x.png */,
				B0C837571B269766006C381E /* share_night_iPad@2x.png */,
				B0C837581B269766006C381E /* share_renn@2x.png */,
				B0C837591B269766006C381E /* share_renn_iPad@2x.png */,
				B0C8375A1B269766006C381E /* share_rennH@2x.png */,
				B0C8375B1B269766006C381E /* share_rennH_iPad@2x.png */,
				B0C8375C1B269766006C381E /* share_save@2x.png */,
				B0C8375D1B269766006C381E /* share_save_iPad@2x.png */,
				B0C8375E1B269766006C381E /* share_sina@2x.png */,
				B0C8375F1B269766006C381E /* share_sina_iPad@2x.png */,
				B0C837601B269766006C381E /* share_sinaH@2x.png */,
				B0C837611B269766006C381E /* share_sinaH_iPad@2x.png */,
				B0C837621B269766006C381E /* share_tc@2x.png */,
				B0C837631B269766006C381E /* share_tc_iPad@2x.png */,
				B0C837641B269766006C381E /* share_tcH@2x.png */,
				B0C837651B269766006C381E /* share_tcH_iPad@2x.png */,
				B0C837661B269766006C381E /* share_timeline@2x.png */,
				B0C837671B269766006C381E /* share_timeline_iPad@2x.png */,
				B0C837681B269766006C381E /* share_timelineH@2x.png */,
				B0C837691B269766006C381E /* share_timelineH_iPad@2x.png */,
				B0C8376A1B269766006C381E /* share_wc@2x.png */,
				B0C8376B1B269766006C381E /* share_wc_iPad@2x.png */,
				B0C8376C1B269766006C381E /* share_wcH@2x.png */,
				B0C8376D1B269766006C381E /* share_wcH_iPad@2x.png */,
				B0C8376E1B269766006C381E /* shareBg.png */,
				B0C8376F1B269766006C381E /* shareBg_iPad.png */,
				B0C837701B269766006C381E /* shareBg_nt.png */,
				B0C837711B269766006C381E /* shareBg_nt_iPad.png */,
				B0C837721B269766006C381E /* shareBgline.png */,
				B0C837731B269766006C381E /* shareBgline_iPad.png */,
				B0C837741B269766006C381E /* shareBgline_nt.png */,
				B0C837751B269766006C381E /* shareBgline_nt_iPad.png */,
				B0C8377E1B269766006C381E /* showMore@2x.png */,
				B0C8377F1B269766006C381E /* showMore_nt@2x.png */,
				B0C837801B269766006C381E /* stick.png */,
				B0C837811B269766006C381E /* stick_iPad.png */,
				B0C837821B269766006C381E /* stick_nt.png */,
				B0C837831B269766006C381E /* stick_nt_iPad.png */,
				B0C8378C1B269766006C381E /* top_addCmt@2x.png */,
				B0C8378D1B269766006C381E /* top_addCmt_hl@2x.png */,
				B0C8378E1B269766006C381E /* top_addCmt_nt@2x.png */,
				B0C8378F1B269766006C381E /* top_addCmt_nt_hl@2x.png */,
				B0C837901B269766006C381E /* top_hot@2x.png */,
				B0C837911B269766006C381E /* top_hot_hl@2x.png */,
				B0C837921B269766006C381E /* top_hot_nt@2x.png */,
				B0C837931B269766006C381E /* top_hot_nt_hl@2x.png */,
				B0C837941B269766006C381E /* top_new@2x.png */,
				B0C837951B269766006C381E /* top_new_hl@2x.png */,
				B0C837981B269766006C381E /* topbtn1@2x.png */,
				B0C837991B269766006C381E /* topbtn1_nt@2x.png */,
				B0C8379A1B269766006C381E /* topbtn2@2x.png */,
				B0C8379C1B269766006C381E /* topbtn3@2x.png */,
				B0C8379E1B269766006C381E /* topHorLine@2x.png */,
				B0C8379F1B269766006C381E /* topVerLine@2x.png */,
				B0C837A01B269766006C381E /* verticalLine@2x.png */,
				B0C837A11B269766006C381E /* viewSetBgImg@2x.png */,
				B0C837A21B269766006C381E /* wbShareBg_home.png */,
				B0C837A31B269766006C381E /* wbShareLine.png */,
			);
			path = imageSource;
			sourceTree = "<group>";
		};
		B0C84EF11AD66AC800E11756 = {
			isa = PBXGroup;
			children = (
				B0C84EFC1AD66AC800E11756 /* tabTest */,
				B0C84F141AD66AC800E11756 /* tabTestTests */,
				B0C84EFB1AD66AC800E11756 /* Products */,
				900F607BA1ECBC2759F2211F /* Pods */,
				38F3E1055D9EF1CFAEC1F839 /* Frameworks */,
			);
			sourceTree = "<group>";
		};
		B0C84EFB1AD66AC800E11756 /* Products */ = {
			isa = PBXGroup;
			children = (
				B0C84EFA1AD66AC800E11756 /* tabTest.app */,
				B0C84F111AD66AC800E11756 /* tabTestTests.xctest */,
			);
			name = Products;
			sourceTree = "<group>";
		};
		B0C84EFC1AD66AC800E11756 /* tabTest */ = {
			isa = PBXGroup;
			children = (
				B0C836A61B269766006C381E /* imageSource */,
				B0C836A21B268B3D006C381E /* Entity */,
				B0C84EFF1AD66AC800E11756 /* AppDelegate.swift */,
				B0C873091AF0C7E1002F2DC1 /* UIViewController+custom.h */,
				B0C8730A1AF0C7E1002F2DC1 /* UIViewController+custom.m */,
				B0C838A11B26C964006C381E /* ApiClient.swift */,
				B0C66BBA1B2FB5B000C8421B /* Utility.swift */,
				B0C8369B1B2688AB006C381E /* HomeCollectionViewController.swift */,
				B0C8369D1B268902006C381E /* HomeCollectionViewCell.swift */,
				B0C8369E1B268902006C381E /* HomeCollectionViewCell.xib */,
				B00DFD0D1B2E869B00F5ABC7 /* ArticleCollectionViewController.swift */,
				B00DFD061B2E7CD500F5ABC7 /* ArticleCollectionViewCell.swift */,
				B00DFD071B2E7CD500F5ABC7 /* ArticleCollectionViewCell.xib */,
				B00DFD0F1B2EAE1C00F5ABC7 /* Article2CollectionViewCell.swift */,
				B00DFD101B2EAE1C00F5ABC7 /* Article2CollectionViewCell.xib */,
				B00DFD1A1B2ED0D900F5ABC7 /* QuestionCollectionViewController.swift */,
				B0C66BBC1B2FB9B500C8421B /* QuestionCollectionViewCell.swift */,
				B0C66BBD1B2FB9B500C8421B /* QuestionCollectionViewCell.xib */,
				B00DFD181B2ED0B000F5ABC7 /* GoodCollectionViewController.swift */,
				B00DFD1C1B2ED1E600F5ABC7 /* GoodCollectionViewCell.swift */,
				B00DFD1D1B2ED1E600F5ABC7 /* GoodCollectionViewCell.xib */,
				B0C66BC91B301DE700C8421B /* EmptyCollectionReusableView.swift */,
				B0C66BCA1B301DE700C8421B /* EmptyCollectionReusableView.xib */,
				B0C873101AF0CFAF002F2DC1 /* PersonalTableViewController.swift */,
				B04A860C1B314504005C93B2 /* GuideViewController.swift */,
				B0C66BC51B2FD4A200C8421B /* WebViewController.swift */,
				B0C84F051AD66AC800E11756 /* Main.storyboard */,
				B0C84F081AD66AC800E11756 /* Images.xcassets */,
				B0C84F0A1AD66AC800E11756 /* LaunchScreen.xib */,
				B0C84EFD1AD66AC800E11756 /* Supporting Files */,
				B0C873081AF0C7E1002F2DC1 /* tabTest-Bridging-Header.h */,
			);
			path = tabTest;
			sourceTree = "<group>";
		};
		B0C84EFD1AD66AC800E11756 /* Supporting Files */ = {
			isa = PBXGroup;
			children = (
				B0C84EFE1AD66AC800E11756 /* Info.plist */,
			);
			name = "Supporting Files";
			sourceTree = "<group>";
		};
		B0C84F141AD66AC800E11756 /* tabTestTests */ = {
			isa = PBXGroup;
			children = (
				B0C84F171AD66AC800E11756 /* tabTestTests.swift */,
				B0C84F151AD66AC800E11756 /* Supporting Files */,
			);
			path = tabTestTests;
			sourceTree = "<group>";
		};
		B0C84F151AD66AC800E11756 /* Supporting Files */ = {
			isa = PBXGroup;
			children = (
				B0C84F161AD66AC800E11756 /* Info.plist */,
			);
			name = "Supporting Files";
			sourceTree = "<group>";
		};
/* End PBXGroup section */

/* Begin PBXNativeTarget section */
		B0C84EF91AD66AC800E11756 /* tabTest */ = {
			isa = PBXNativeTarget;
			buildConfigurationList = B0C84F1B1AD66AC800E11756 /* Build configuration list for PBXNativeTarget "tabTest" */;
			buildPhases = (
				6089BD3DFFB12D78CA7BA595 /* Check Pods Manifest.lock */,
				B0C84EF61AD66AC800E11756 /* Sources */,
				B0C84EF71AD66AC800E11756 /* Frameworks */,
				B0C84EF81AD66AC800E11756 /* Resources */,
				6B9B5DFC91332334CAADFC31 /* Copy Pods Resources */,
			);
			buildRules = (
			);
			dependencies = (
			);
			name = tabTest;
			productName = tabTest;
			productReference = B0C84EFA1AD66AC800E11756 /* tabTest.app */;
			productType = "com.apple.product-type.application";
		};
		B0C84F101AD66AC800E11756 /* tabTestTests */ = {
			isa = PBXNativeTarget;
			buildConfigurationList = B0C84F1E1AD66AC800E11756 /* Build configuration list for PBXNativeTarget "tabTestTests" */;
			buildPhases = (
				B0C84F0D1AD66AC800E11756 /* Sources */,
				B0C84F0E1AD66AC800E11756 /* Frameworks */,
				B0C84F0F1AD66AC800E11756 /* Resources */,
			);
			buildRules = (
			);
			dependencies = (
				B0C84F131AD66AC800E11756 /* PBXTargetDependency */,
			);
			name = tabTestTests;
			productName = tabTestTests;
			productReference = B0C84F111AD66AC800E11756 /* tabTestTests.xctest */;
			productType = "com.apple.product-type.bundle.unit-test";
		};
/* End PBXNativeTarget section */

/* Begin PBXProject section */
		B0C84EF21AD66AC800E11756 /* Project object */ = {
			isa = PBXProject;
			attributes = {
				LastUpgradeCheck = 0620;
				ORGANIZATIONNAME = test;
				TargetAttributes = {
					B0C84EF91AD66AC800E11756 = {
						CreatedOnToolsVersion = 6.2;
					};
					B0C84F101AD66AC800E11756 = {
						CreatedOnToolsVersion = 6.2;
						TestTargetID = B0C84EF91AD66AC800E11756;
					};
				};
			};
			buildConfigurationList = B0C84EF51AD66AC800E11756 /* Build configuration list for PBXProject "tabTest" */;
			compatibilityVersion = "Xcode 3.2";
			developmentRegion = English;
			hasScannedForEncodings = 0;
			knownRegions = (
				en,
				Base,
			);
			mainGroup = B0C84EF11AD66AC800E11756;
			productRefGroup = B0C84EFB1AD66AC800E11756 /* Products */;
			projectDirPath = "";
			projectRoot = "";
			targets = (
				B0C84EF91AD66AC800E11756 /* tabTest */,
				B0C84F101AD66AC800E11756 /* tabTestTests */,
			);
		};
/* End PBXProject section */

/* Begin PBXResourcesBuildPhase section */
		B0C84EF81AD66AC800E11756 /* Resources */ = {
			isa = PBXResourcesBuildPhase;
			buildActionMask = 2147483647;
			files = (
				B0C8389F1B269766006C381E /* wbShareBg_home.png in Resources */,
				B0C8384F1B269766006C381E /* share_disc@2x.png in Resources */,
				B0C66BCC1B301DE700C8421B /* EmptyCollectionReusableView.xib in Resources */,
				B0C8386F1B269766006C381E /* shareBgline.png in Resources */,
				B0C8387E1B269766006C381E /* stick_iPad.png in Resources */,
				B0C8386C1B269766006C381E /* shareBg_iPad.png in Resources */,
				B0C8383A1B269766006C381E /* que_UserHeadBg_nt_iPad.png in Resources */,
				B0C8381F1B269766006C381E /* p_titleBg@2x.png in Resources */,
				B0C8380A1B269766006C381E /* longWbBackImg.png in Resources */,
				B0C838261B269766006C381E /* perCenterNavBackImg@2x.png in Resources */,
				B00DFD121B2EAE1C00F5ABC7 /* Article2CollectionViewCell.xib in Resources */,
				B0C66BBF1B2FB9B500C8421B /* QuestionCollectionViewCell.xib in Resources */,
				B0C838681B269766006C381E /* share_wc_iPad@2x.png in Resources */,
				B0C838561B269766006C381E /* share_renn_iPad@2x.png in Resources */,
				B0C838651B269766006C381E /* share_timelineH@2x.png in Resources */,
				B0C8389B1B269766006C381E /* topHorLine@2x.png in Resources */,
				B0C8385A1B269766006C381E /* share_save_iPad@2x.png in Resources */,
				B0C8381B1B269766006C381E /* p_con_arrow_iPad@2x.png in Resources */,
				B0C8386B1B269766006C381E /* shareBg.png in Resources */,
				B0C838511B269766006C381E /* share_font@2x.png in Resources */,
				B0C8387C1B269766006C381E /* showMore_nt@2x.png in Resources */,
				B0C838571B269766006C381E /* share_rennH@2x.png in Resources */,
				B0C84F071AD66AC800E11756 /* Main.storyboard in Resources */,
				B0C838531B269766006C381E /* share_night@2x.png in Resources */,
				B0C837C61B269766006C381E /* followUsBtn@2x.png in Resources */,
				B0C838171B269766006C381E /* p_arrow@2x.png in Resources */,
				B0C838471B269766006C381E /* sex_female@2x.png in Resources */,
				B0C837C51B269766006C381E /* dateline_nt_iPad@2x.png in Resources */,
				B0C8384D1B269766006C381E /* share_day@2x.png in Resources */,
				B0C838721B269766006C381E /* shareBgline_nt_iPad.png in Resources */,
				B0C8385C1B269766006C381E /* share_sina_iPad@2x.png in Resources */,
				B0C8381C1B269766006C381E /* p_line.png in Resources */,
				B0C838371B269766006C381E /* que_UserHeadBg.png in Resources */,
				B00DFD1F1B2ED1E600F5ABC7 /* GoodCollectionViewCell.xib in Resources */,
				B0C837DC1B269766006C381E /* horizontalLine@2x.png in Resources */,
				B0C8384B1B269766006C381E /* share_coled@2x.png in Resources */,
				B0C838361B269766006C381E /* que_line_nt.png in Resources */,
				B0C838441B269766006C381E /* recomBack_nt_iPad@2x.png in Resources */,
				B0C838621B269766006C381E /* share_tcH_iPad@2x.png in Resources */,
				B0C837B11B269766006C381E /* colLine_nt@2x.png in Resources */,
				B0C838911B269766006C381E /* top_new@2x.png in Resources */,
				B0C837C41B269766006C381E /* dateline_nt@2x.png in Resources */,
				B0C8388F1B269766006C381E /* top_hot_nt@2x.png in Resources */,
				B0C838041B269766006C381E /* login_sina.png in Resources */,
				B0C838191B269766006C381E /* p_con_arrow@2x.png in Resources */,
				B0C837AB1B269766006C381E /* Century Gothic Bold.ttf in Resources */,
				B0C838581B269766006C381E /* share_rennH_iPad@2x.png in Resources */,
				B0C837C31B269766006C381E /* dateline_iPad@2x.png in Resources */,
				B0C8388E1B269766006C381E /* top_hot_hl@2x.png in Resources */,
				B0C8388B1B269766006C381E /* top_addCmt_nt@2x.png in Resources */,
				B0C84F0C1AD66AC800E11756 /* LaunchScreen.xib in Resources */,
				B0C838711B269766006C381E /* shareBgline_nt.png in Resources */,
				B0C838591B269766006C381E /* share_save@2x.png in Resources */,
				B0C838431B269766006C381E /* recomBack_iPad@2x.png in Resources */,
				B0C8385E1B269766006C381E /* share_sinaH_iPad@2x.png in Resources */,
				B0C8380B1B269766006C381E /* main_leftArrow.png in Resources */,
				B0C838551B269766006C381E /* share_renn@2x.png in Resources */,
				B0C84F091AD66AC800E11756 /* Images.xcassets in Resources */,
				B0C838391B269766006C381E /* que_UserHeadBg_nt.png in Resources */,
				B0C838991B269766006C381E /* topbtn3@2x.png in Resources */,
				B0C8386A1B269766006C381E /* share_wcH_iPad@2x.png in Resources */,
				B0C8387B1B269766006C381E /* showMore@2x.png in Resources */,
				B0C838491B269766006C381E /* share_col@2x.png in Resources */,
				B0C838801B269766006C381E /* stick_nt_iPad.png in Resources */,
				B0C838661B269766006C381E /* share_timelineH_iPad@2x.png in Resources */,
				B0C838021B269766006C381E /* login_no.png in Resources */,
				B0C8389E1B269766006C381E /* viewSetBgImg@2x.png in Resources */,
				B0C838051B269766006C381E /* login_sinaH.png in Resources */,
				B0C837AD1B269766006C381E /* cmtBackImg_nt@2x.png in Resources */,
				B0C8385B1B269766006C381E /* share_sina@2x.png in Resources */,
				B0C8388D1B269766006C381E /* top_hot@2x.png in Resources */,
				B0C837AE1B269766006C381E /* collectionHeadBg@2x.png in Resources */,
				B0C838671B269766006C381E /* share_wc@2x.png in Resources */,
				B0C8385F1B269766006C381E /* share_tc@2x.png in Resources */,
				B0C8389C1B269766006C381E /* topVerLine@2x.png in Resources */,
				B0C837AC1B269766006C381E /* cmtBackImg@2x.png in Resources */,
				B0C838631B269766006C381E /* share_timeline@2x.png in Resources */,
				B0C838611B269766006C381E /* share_tcH@2x.png in Resources */,
				B0C837B31B269766006C381E /* conClipLine_nt@2x.png in Resources */,
				B0C838641B269766006C381E /* share_timeline_iPad@2x.png in Resources */,
				B0C8388C1B269766006C381E /* top_addCmt_nt_hl@2x.png in Resources */,
				B0C838971B269766006C381E /* topbtn2@2x.png in Resources */,
				B0C838A01B269766006C381E /* wbShareLine.png in Resources */,
				B0C837B41B269766006C381E /* conSetAdd@2x.png in Resources */,
				B0C837C71B269766006C381E /* followUsBtn_hl@2x.png in Resources */,
				B0C8384E1B269766006C381E /* share_day_iPad@2x.png in Resources */,
				B0C838031B269766006C381E /* login_noH.png in Resources */,
				B0C8380C1B269766006C381E /* main_leftArrowH.png in Resources */,
				B0C838481B269766006C381E /* sex_male@2x.png in Resources */,
				B0C838691B269766006C381E /* share_wcH@2x.png in Resources */,
				B0C838901B269766006C381E /* top_hot_nt_hl@2x.png in Resources */,
				B0C8388A1B269766006C381E /* top_addCmt_hl@2x.png in Resources */,
				B0C837B51B269766006C381E /* conSetMin@2x.png in Resources */,
				B0C838501B269766006C381E /* share_disc_iPad@2x.png in Resources */,
				B0C838381B269766006C381E /* que_UserHeadBg_iPad.png in Resources */,
				B0C838921B269766006C381E /* top_new_hl@2x.png in Resources */,
				B0C838951B269766006C381E /* topbtn1@2x.png in Resources */,
				B0C8384A1B269766006C381E /* share_col_iPad@2x.png in Resources */,
				B0C838351B269766006C381E /* que_line.png in Resources */,
				B0C8387D1B269766006C381E /* stick.png in Resources */,
				B0C837AF1B269766006C381E /* collectionHeadBg_iPad@2x.png in Resources */,
				B0C837B01B269766006C381E /* colLine@2x.png in Resources */,
				B0C838701B269766006C381E /* shareBgline_iPad.png in Resources */,
				B0C8386D1B269766006C381E /* shareBg_nt.png in Resources */,
				B0C838891B269766006C381E /* top_addCmt@2x.png in Resources */,
				B0C838521B269766006C381E /* share_font_iPad@2x.png in Resources */,
				B0C836A01B268902006C381E /* HomeCollectionViewCell.xib in Resources */,
				B0C838961B269766006C381E /* topbtn1_nt@2x.png in Resources */,
				B0C8384C1B269766006C381E /* share_coled_iPad@2x.png in Resources */,
				B0C8386E1B269766006C381E /* shareBg_nt_iPad.png in Resources */,
				B0C8385D1B269766006C381E /* share_sinaH@2x.png in Resources */,
				B0C837C21B269766006C381E /* dateline@2x.png in Resources */,
				B0C838181B269766006C381E /* p_arrow_nt@2x.png in Resources */,
				B0C838601B269766006C381E /* share_tc_iPad@2x.png in Resources */,
				B0C8381A1B269766006C381E /* p_con_arrow_hl@2x.png in Resources */,
				B0C8387F1B269766006C381E /* stick_nt.png in Resources */,
				B0C8389D1B269766006C381E /* verticalLine@2x.png in Resources */,
				B0C838541B269766006C381E /* share_night_iPad@2x.png in Resources */,
			);
			runOnlyForDeploymentPostprocessing = 0;
		};
		B0C84F0F1AD66AC800E11756 /* Resources */ = {
			isa = PBXResourcesBuildPhase;
			buildActionMask = 2147483647;
			files = (
			);
			runOnlyForDeploymentPostprocessing = 0;
		};
/* End PBXResourcesBuildPhase section */

/* Begin PBXShellScriptBuildPhase section */
		6089BD3DFFB12D78CA7BA595 /* Check Pods Manifest.lock */ = {
			isa = PBXShellScriptBuildPhase;
			buildActionMask = 2147483647;
			files = (
			);
			inputPaths = (
			);
			name = "Check Pods Manifest.lock";
			outputPaths = (
			);
			runOnlyForDeploymentPostprocessing = 0;
			shellPath = /bin/sh;
			shellScript = "diff \"${PODS_ROOT}/../Podfile.lock\" \"${PODS_ROOT}/Manifest.lock\" > /dev/null\nif [[ $? != 0 ]] ; then\n    cat << EOM\nerror: The sandbox is not in sync with the Podfile.lock. Run 'pod install' or update your CocoaPods installation.\nEOM\n    exit 1\nfi\n";
			showEnvVarsInLog = 0;
		};
		6B9B5DFC91332334CAADFC31 /* Copy Pods Resources */ = {
			isa = PBXShellScriptBuildPhase;
			buildActionMask = 2147483647;
			files = (
			);
			inputPaths = (
			);
			name = "Copy Pods Resources";
			outputPaths = (
			);
			runOnlyForDeploymentPostprocessing = 0;
			shellPath = /bin/sh;
			shellScript = "\"${SRCROOT}/Pods/Target Support Files/Pods/Pods-resources.sh\"\n";
			showEnvVarsInLog = 0;
		};
/* End PBXShellScriptBuildPhase section */

/* Begin PBXSourcesBuildPhase section */
		B0C84EF61AD66AC800E11756 /* Sources */ = {
			isa = PBXSourcesBuildPhase;
			buildActionMask = 2147483647;
			files = (
				B0C838A21B26C964006C381E /* ApiClient.swift in Sources */,
				B0C873111AF0CFAF002F2DC1 /* PersonalTableViewController.swift in Sources */,
				B0C66BBE1B2FB9B500C8421B /* QuestionCollectionViewCell.swift in Sources */,
				B00DFD221B2ED48F00F5ABC7 /* GoodEntity.m in Sources */,
				B0C8369C1B2688AB006C381E /* HomeCollectionViewController.swift in Sources */,
				B0C8369F1B268902006C381E /* HomeCollectionViewCell.swift in Sources */,
				B0C66BCB1B301DE700C8421B /* EmptyCollectionReusableView.swift in Sources */,
				B00DFD171B2ECD3200F5ABC7 /* QuestionEntity.m in Sources */,
				B00DFD191B2ED0B000F5ABC7 /* GoodCollectionViewController.swift in Sources */,
				B0C84F001AD66AC800E11756 /* AppDelegate.swift in Sources */,
				B04A860D1B314504005C93B2 /* GuideViewController.swift in Sources */,
				B0C66BC71B2FD4A200C8421B /* WebViewController.swift in Sources */,
				B00DFD0E1B2E869B00F5ABC7 /* ArticleCollectionViewController.swift in Sources */,
				B00DFD1E1B2ED1E600F5ABC7 /* GoodCollectionViewCell.swift in Sources */,
				B00DFD111B2EAE1C00F5ABC7 /* Article2CollectionViewCell.swift in Sources */,
				B0C8730B1AF0C7E1002F2DC1 /* UIViewController+custom.m in Sources */,
				B0C66BBB1B2FB5B000C8421B /* Utility.swift in Sources */,
				B00DFD1B1B2ED0D900F5ABC7 /* QuestionCollectionViewController.swift in Sources */,
				B0C836A51B268B71006C381E /* HomepageEntity.m in Sources */,
				B00DFD0C1B2E7DC300F5ABC7 /* ArticleEntity.m in Sources */,
			);
			runOnlyForDeploymentPostprocessing = 0;
		};
		B0C84F0D1AD66AC800E11756 /* Sources */ = {
			isa = PBXSourcesBuildPhase;
			buildActionMask = 2147483647;
			files = (
				B0C84F181AD66AC800E11756 /* tabTestTests.swift in Sources */,
			);
			runOnlyForDeploymentPostprocessing = 0;
		};
/* End PBXSourcesBuildPhase section */

/* Begin PBXTargetDependency section */
		B0C84F131AD66AC800E11756 /* PBXTargetDependency */ = {
			isa = PBXTargetDependency;
			target = B0C84EF91AD66AC800E11756 /* tabTest */;
			targetProxy = B0C84F121AD66AC800E11756 /* PBXContainerItemProxy */;
		};
/* End PBXTargetDependency section */

/* Begin PBXVariantGroup section */
		B0C84F051AD66AC800E11756 /* Main.storyboard */ = {
			isa = PBXVariantGroup;
			children = (
				B0C84F061AD66AC800E11756 /* Base */,
			);
			name = Main.storyboard;
			sourceTree = "<group>";
		};
		B0C84F0A1AD66AC800E11756 /* LaunchScreen.xib */ = {
			isa = PBXVariantGroup;
			children = (
				B0C84F0B1AD66AC800E11756 /* Base */,
			);
			name = LaunchScreen.xib;
			sourceTree = "<group>";
		};
/* End PBXVariantGroup section */

/* Begin XCBuildConfiguration section */
		B0C84F191AD66AC800E11756 /* Debug */ = {
			isa = XCBuildConfiguration;
			buildSettings = {
				ALWAYS_SEARCH_USER_PATHS = NO;
				CLANG_CXX_LANGUAGE_STANDARD = "gnu++0x";
				CLANG_CXX_LIBRARY = "libc++";
				CLANG_ENABLE_MODULES = YES;
				CLANG_ENABLE_OBJC_ARC = YES;
				CLANG_WARN_BOOL_CONVERSION = YES;
				CLANG_WARN_CONSTANT_CONVERSION = YES;
				CLANG_WARN_DIRECT_OBJC_ISA_USAGE = YES_ERROR;
				CLANG_WARN_EMPTY_BODY = YES;
				CLANG_WARN_ENUM_CONVERSION = YES;
				CLANG_WARN_INT_CONVERSION = YES;
				CLANG_WARN_OBJC_ROOT_CLASS = YES_ERROR;
				CLANG_WARN_UNREACHABLE_CODE = YES;
				CLANG_WARN__DUPLICATE_METHOD_MATCH = YES;
				"CODE_SIGN_IDENTITY[sdk=iphoneos*]" = "iPhone Developer";
				COPY_PHASE_STRIP = NO;
				ENABLE_STRICT_OBJC_MSGSEND = YES;
				GCC_C_LANGUAGE_STANDARD = gnu99;
				GCC_DYNAMIC_NO_PIC = NO;
				GCC_OPTIMIZATION_LEVEL = 0;
				GCC_PREPROCESSOR_DEFINITIONS = (
					"DEBUG=1",
					"$(inherited)",
				);
				GCC_SYMBOLS_PRIVATE_EXTERN = NO;
				GCC_WARN_64_TO_32_BIT_CONVERSION = YES;
				GCC_WARN_ABOUT_RETURN_TYPE = YES_ERROR;
				GCC_WARN_UNDECLARED_SELECTOR = YES;
				GCC_WARN_UNINITIALIZED_AUTOS = YES_AGGRESSIVE;
				GCC_WARN_UNUSED_FUNCTION = YES;
				GCC_WARN_UNUSED_VARIABLE = YES;
				IPHONEOS_DEPLOYMENT_TARGET = 8.2;
				MTL_ENABLE_DEBUG_INFO = YES;
				ONLY_ACTIVE_ARCH = YES;
				SDKROOT = iphoneos;
				SWIFT_OPTIMIZATION_LEVEL = "-Onone";
				TARGETED_DEVICE_FAMILY = "1,2";
			};
			name = Debug;
		};
		B0C84F1A1AD66AC800E11756 /* Release */ = {
			isa = XCBuildConfiguration;
			buildSettings = {
				ALWAYS_SEARCH_USER_PATHS = NO;
				CLANG_CXX_LANGUAGE_STANDARD = "gnu++0x";
				CLANG_CXX_LIBRARY = "libc++";
				CLANG_ENABLE_MODULES = YES;
				CLANG_ENABLE_OBJC_ARC = YES;
				CLANG_WARN_BOOL_CONVERSION = YES;
				CLANG_WARN_CONSTANT_CONVERSION = YES;
				CLANG_WARN_DIRECT_OBJC_ISA_USAGE = YES_ERROR;
				CLANG_WARN_EMPTY_BODY = YES;
				CLANG_WARN_ENUM_CONVERSION = YES;
				CLANG_WARN_INT_CONVERSION = YES;
				CLANG_WARN_OBJC_ROOT_CLASS = YES_ERROR;
				CLANG_WARN_UNREACHABLE_CODE = YES;
				CLANG_WARN__DUPLICATE_METHOD_MATCH = YES;
				"CODE_SIGN_IDENTITY[sdk=iphoneos*]" = "iPhone Developer";
				COPY_PHASE_STRIP = NO;
				ENABLE_NS_ASSERTIONS = NO;
				ENABLE_STRICT_OBJC_MSGSEND = YES;
				GCC_C_LANGUAGE_STANDARD = gnu99;
				GCC_WARN_64_TO_32_BIT_CONVERSION = YES;
				GCC_WARN_ABOUT_RETURN_TYPE = YES_ERROR;
				GCC_WARN_UNDECLARED_SELECTOR = YES;
				GCC_WARN_UNINITIALIZED_AUTOS = YES_AGGRESSIVE;
				GCC_WARN_UNUSED_FUNCTION = YES;
				GCC_WARN_UNUSED_VARIABLE = YES;
				IPHONEOS_DEPLOYMENT_TARGET = 8.2;
				MTL_ENABLE_DEBUG_INFO = NO;
				SDKROOT = iphoneos;
				TARGETED_DEVICE_FAMILY = "1,2";
				VALIDATE_PRODUCT = YES;
			};
			name = Release;
		};
		B0C84F1C1AD66AC800E11756 /* Debug */ = {
			isa = XCBuildConfiguration;
			baseConfigurationReference = 733782BE0AAF87BFF32906BE /* Pods.debug.xcconfig */;
			buildSettings = {
				ASSETCATALOG_COMPILER_APPICON_NAME = AppIcon;
				CLANG_ENABLE_MODULES = YES;
				CODE_SIGN_IDENTITY = "";
				"CODE_SIGN_IDENTITY[sdk=iphoneos*]" = "iPhone Developer";
				INFOPLIST_FILE = tabTest/Info.plist;
				IPHONEOS_DEPLOYMENT_TARGET = 7.0;
				LD_RUNPATH_SEARCH_PATHS = "$(inherited) @executable_path/Frameworks";
				PRODUCT_BUNDLE_IDENTIFIER = test.tabTest;
				PRODUCT_NAME = tabTest;
				PROVISIONING_PROFILE = "";
				SWIFT_OBJC_BRIDGING_HEADER = "tabTest/tabTest-Bridging-Header.h";
				SWIFT_OPTIMIZATION_LEVEL = "-Onone";
			};
			name = Debug;
		};
		B0C84F1D1AD66AC800E11756 /* Release */ = {
			isa = XCBuildConfiguration;
			baseConfigurationReference = E94CA80CC106F626E93E8519 /* Pods.release.xcconfig */;
			buildSettings = {
				ASSETCATALOG_COMPILER_APPICON_NAME = AppIcon;
				CLANG_ENABLE_MODULES = YES;
				CODE_SIGN_IDENTITY = "";
				"CODE_SIGN_IDENTITY[sdk=iphoneos*]" = "iPhone Developer";
				INFOPLIST_FILE = tabTest/Info.plist;
				IPHONEOS_DEPLOYMENT_TARGET = 7.0;
				LD_RUNPATH_SEARCH_PATHS = "$(inherited) @executable_path/Frameworks";
				PRODUCT_BUNDLE_IDENTIFIER = test.tabTest;
				PRODUCT_NAME = tabTest;
				PROVISIONING_PROFILE = "";
				SWIFT_OBJC_BRIDGING_HEADER = "tabTest/tabTest-Bridging-Header.h";
			};
			name = Release;
		};
		B0C84F1F1AD66AC800E11756 /* Debug */ = {
			isa = XCBuildConfiguration;
			buildSettings = {
				BUNDLE_LOADER = "$(TEST_HOST)";
				FRAMEWORK_SEARCH_PATHS = (
					"$(SDKROOT)/Developer/Library/Frameworks",
					"$(inherited)",
				);
				GCC_PREPROCESSOR_DEFINITIONS = (
					"DEBUG=1",
					"$(inherited)",
				);
				INFOPLIST_FILE = tabTestTests/Info.plist;
				LD_RUNPATH_SEARCH_PATHS = "$(inherited) @executable_path/Frameworks @loader_path/Frameworks";
				PRODUCT_NAME = tabTestTests;
				TEST_HOST = "$(BUILT_PRODUCTS_DIR)/tabTest.app/tabTest";
			};
			name = Debug;
		};
		B0C84F201AD66AC800E11756 /* Release */ = {
			isa = XCBuildConfiguration;
			buildSettings = {
				BUNDLE_LOADER = "$(TEST_HOST)";
				FRAMEWORK_SEARCH_PATHS = (
					"$(SDKROOT)/Developer/Library/Frameworks",
					"$(inherited)",
				);
				INFOPLIST_FILE = tabTestTests/Info.plist;
				LD_RUNPATH_SEARCH_PATHS = "$(inherited) @executable_path/Frameworks @loader_path/Frameworks";
				PRODUCT_NAME = tabTestTests;
				TEST_HOST = "$(BUILT_PRODUCTS_DIR)/tabTest.app/tabTest";
			};
			name = Release;
		};
/* End XCBuildConfiguration section */

/* Begin XCConfigurationList section */
		B0C84EF51AD66AC800E11756 /* Build configuration list for PBXProject "tabTest" */ = {
			isa = XCConfigurationList;
			buildConfigurations = (
				B0C84F191AD66AC800E11756 /* Debug */,
				B0C84F1A1AD66AC800E11756 /* Release */,
			);
			defaultConfigurationIsVisible = 0;
			defaultConfigurationName = Release;
		};
		B0C84F1B1AD66AC800E11756 /* Build configuration list for PBXNativeTarget "tabTest" */ = {
			isa = XCConfigurationList;
			buildConfigurations = (
				B0C84F1C1AD66AC800E11756 /* Debug */,
				B0C84F1D1AD66AC800E11756 /* Release */,
			);
			defaultConfigurationIsVisible = 0;
			defaultConfigurationName = Release;
		};
		B0C84F1E1AD66AC800E11756 /* Build configuration list for PBXNativeTarget "tabTestTests" */ = {
			isa = XCConfigurationList;
			buildConfigurations = (
				B0C84F1F1AD66AC800E11756 /* Debug */,
				B0C84F201AD66AC800E11756 /* Release */,
			);
			defaultConfigurationIsVisible = 0;
			defaultConfigurationName = Release;
		};
/* End XCConfigurationList section */
	};
	rootObject = B0C84EF21AD66AC800E11756 /* Project object */;
}
