// !$*UTF8*$!
{
	archiveVersion = 1;
	classes = {
	};
	objectVersion = 46;
	objects = {

/* Begin PBXBuildFile section */
		B0C84F001AD66AC800E11756 /* AppDelegate.swift in Sources */ = {isa = PBXBuildFile; fileRef = B0C84EFF1AD66AC800E11756 /* AppDelegate.swift */; };
		B0C84F021AD66AC800E11756 /* FirstViewController.swift in Sources */ = {isa = PBXBuildFile; fileRef = B0C84F011AD66AC800E11756 /* FirstViewController.swift */; };
		B0C84F041AD66AC800E11756 /* SecondViewController.swift in Sources */ = {isa = PBXBuildFile; fileRef = B0C84F031AD66AC800E11756 /* SecondViewController.swift */; };
		B0C84F071AD66AC800E11756 /* Main.storyboard in Resources */ = {isa = PBXBuildFile; fileRef = B0C84F051AD66AC800E11756 /* Main.storyboard */; };
		B0C84F091AD66AC800E11756 /* Images.xcassets in Resources */ = {isa = PBXBuildFile; fileRef = B0C84F081AD66AC800E11756 /* Images.xcassets */; };
		B0C84F0C1AD66AC800E11756 /* LaunchScreen.xib in Resources */ = {isa = PBXBuildFile; fileRef = B0C84F0A1AD66AC800E11756 /* LaunchScreen.xib */; };
		B0C84F181AD66AC800E11756 /* tabTestTests.swift in Sources */ = {isa = PBXBuildFile; fileRef = B0C84F171AD66AC800E11756 /* tabTestTests.swift */; };
/* End PBXBuildFile section */

/* Begin PBXContainerItemProxy section */
		B0C84F121AD66AC800E11756 /* PBXContainerItemProxy */ = {
			isa = PBXContainerItemProxy;
			containerPortal = B0C84EF21AD66AC800E11756 /* Project object */;
			proxyType = 1;
			remoteGlobalIDString = B0C84EF91AD66AC800E11756;
			remoteInfo = tabTest;
		};
/* End PBXContainerItemProxy section */

/* Begin PBXFileReference section */
		B0C84EFA1AD66AC800E11756 /* tabTest.app */ = {isa = PBXFileReference; explicitFileType = wrapper.application; includeInIndex = 0; path = tabTest.app; sourceTree = BUILT_PRODUCTS_DIR; };
		B0C84EFE1AD66AC800E11756 /* Info.plist */ = {isa = PBXFileReference; lastKnownFileType = text.plist.xml; path = Info.plist; sourceTree = "<group>"; };
		B0C84EFF1AD66AC800E11756 /* AppDelegate.swift */ = {isa = PBXFileReference; lastKnownFileType = sourcecode.swift; path = AppDelegate.swift; sourceTree = "<group>"; };
		B0C84F011AD66AC800E11756 /* FirstViewController.swift */ = {isa = PBXFileReference; lastKnownFileType = sourcecode.swift; path = FirstViewController.swift; sourceTree = "<group>"; };
		B0C84F031AD66AC800E11756 /* SecondViewController.swift */ = {isa = PBXFileReference; lastKnownFileType = sourcecode.swift; path = SecondViewController.swift; sourceTree = "<group>"; };
		B0C84F061AD66AC800E11756 /* Base */ = {isa = PBXFileReference; lastKnownFileType = file.storyboard; name = Base; path = Base.lproj/Main.storyboard; sourceTree = "<group>"; };
		B0C84F081AD66AC800E11756 /* Images.xcassets */ = {isa = PBXFileReference; lastKnownFileType = folder.assetcatalog; path = Images.xcassets; sourceTree = "<group>"; };
		B0C84F0B1AD66AC800E11756 /* Base */ = {isa = PBXFileReference; lastKnownFileType = file.xib; name = Base; path = Base.lproj/LaunchScreen.xib; sourceTree = "<group>"; };
		B0C84F111AD66AC800E11756 /* tabTestTests.xctest */ = {isa = PBXFileReference; explicitFileType = wrapper.cfbundle; includeInIndex = 0; path = tabTestTests.xctest; sourceTree = BUILT_PRODUCTS_DIR; };
		B0C84F161AD66AC800E11756 /* Info.plist */ = {isa = PBXFileReference; lastKnownFileType = text.plist.xml; path = Info.plist; sourceTree = "<group>"; };
		B0C84F171AD66AC800E11756 /* tabTestTests.swift */ = {isa = PBXFileReference; lastKnownFileType = sourcecode.swift; path = tabTestTests.swift; sourceTree = "<group>"; };
/* End PBXFileReference section */

/* Begin PBXFrameworksBuildPhase section */
		B0C84EF71AD66AC800E11756 /* Frameworks */ = {
			isa = PBXFrameworksBuildPhase;
			buildActionMask = 2147483647;
			files = (
			);
			runOnlyForDeploymentPostprocessing = 0;
		};
		B0C84F0E1AD66AC800E11756 /* Frameworks */ = {
			isa = PBXFrameworksBuildPhase;
			buildActionMask = 2147483647;
			files = (
			);
			runOnlyForDeploymentPostprocessing = 0;
		};
/* End PBXFrameworksBuildPhase section */

/* Begin PBXGroup section */
		B0C84EF11AD66AC800E11756 = {
			isa = PBXGroup;
			children = (
				B0C84EFC1AD66AC800E11756 /* tabTest */,
				B0C84F141AD66AC800E11756 /* tabTestTests */,
				B0C84EFB1AD66AC800E11756 /* Products */,
			);
			sourceTree = "<group>";
		};
		B0C84EFB1AD66AC800E11756 /* Products */ = {
			isa = PBXGroup;
			children = (
				B0C84EFA1AD66AC800E11756 /* tabTest.app */,
				B0C84F111AD66AC800E11756 /* tabTestTests.xctest */,
			);
			name = Products;
			sourceTree = "<group>";
		};
		B0C84EFC1AD66AC800E11756 /* tabTest */ = {
			isa = PBXGroup;
			children = (
				B0C84EFF1AD66AC800E11756 /* AppDelegate.swift */,
				B0C84F011AD66AC800E11756 /* FirstViewController.swift */,
				B0C84F031AD66AC800E11756 /* SecondViewController.swift */,
				B0C84F051AD66AC800E11756 /* Main.storyboard */,
				B0C84F081AD66AC800E11756 /* Images.xcassets */,
				B0C84F0A1AD66AC800E11756 /* LaunchScreen.xib */,
				B0C84EFD1AD66AC800E11756 /* Supporting Files */,
			);
			path = tabTest;
			sourceTree = "<group>";
		};
		B0C84EFD1AD66AC800E11756 /* Supporting Files */ = {
			isa = PBXGroup;
			children = (
				B0C84EFE1AD66AC800E11756 /* Info.plist */,
			);
			name = "Supporting Files";
			sourceTree = "<group>";
		};
		B0C84F141AD66AC800E11756 /* tabTestTests */ = {
			isa = PBXGroup;
			children = (
				B0C84F171AD66AC800E11756 /* tabTestTests.swift */,
				B0C84F151AD66AC800E11756 /* Supporting Files */,
			);
			path = tabTestTests;
			sourceTree = "<group>";
		};
		B0C84F151AD66AC800E11756 /* Supporting Files */ = {
			isa = PBXGroup;
			children = (
				B0C84F161AD66AC800E11756 /* Info.plist */,
			);
			name = "Supporting Files";
			sourceTree = "<group>";
		};
/* End PBXGroup section */

/* Begin PBXNativeTarget section */
		B0C84EF91AD66AC800E11756 /* tabTest */ = {
			isa = PBXNativeTarget;
			buildConfigurationList = B0C84F1B1AD66AC800E11756 /* Build configuration list for PBXNativeTarget "tabTest" */;
			buildPhases = (
				B0C84EF61AD66AC800E11756 /* Sources */,
				B0C84EF71AD66AC800E11756 /* Frameworks */,
				B0C84EF81AD66AC800E11756 /* Resources */,
			);
			buildRules = (
			);
			dependencies = (
			);
			name = tabTest;
			productName = tabTest;
			productReference = B0C84EFA1AD66AC800E11756 /* tabTest.app */;
			productType = "com.apple.product-type.application";
		};
		B0C84F101AD66AC800E11756 /* tabTestTests */ = {
			isa = PBXNativeTarget;
			buildConfigurationList = B0C84F1E1AD66AC800E11756 /* Build configuration list for PBXNativeTarget "tabTestTests" */;
			buildPhases = (
				B0C84F0D1AD66AC800E11756 /* Sources */,
				B0C84F0E1AD66AC800E11756 /* Frameworks */,
				B0C84F0F1AD66AC800E11756 /* Resources */,
			);
			buildRules = (
			);
			dependencies = (
				B0C84F131AD66AC800E11756 /* PBXTargetDependency */,
			);
			name = tabTestTests;
			productName = tabTestTests;
			productReference = B0C84F111AD66AC800E11756 /* tabTestTests.xctest */;
			productType = "com.apple.product-type.bundle.unit-test";
		};
/* End PBXNativeTarget section */

/* Begin PBXProject section */
		B0C84EF21AD66AC800E11756 /* Project object */ = {
			isa = PBXProject;
			attributes = {
				LastUpgradeCheck = 0620;
				ORGANIZATIONNAME = test;
				TargetAttributes = {
					B0C84EF91AD66AC800E11756 = {
						CreatedOnToolsVersion = 6.2;
					};
					B0C84F101AD66AC800E11756 = {
						CreatedOnToolsVersion = 6.2;
						TestTargetID = B0C84EF91AD66AC800E11756;
					};
				};
			};
			buildConfigurationList = B0C84EF51AD66AC800E11756 /* Build configuration list for PBXProject "tabTest" */;
			compatibilityVersion = "Xcode 3.2";
			developmentRegion = English;
			hasScannedForEncodings = 0;
			knownRegions = (
				en,
				Base,
			);
			mainGroup = B0C84EF11AD66AC800E11756;
			productRefGroup = B0C84EFB1AD66AC800E11756 /* Products */;
			projectDirPath = "";
			projectRoot = "";
			targets = (
				B0C84EF91AD66AC800E11756 /* tabTest */,
				B0C84F101AD66AC800E11756 /* tabTestTests */,
			);
		};
/* End PBXProject section */

/* Begin PBXResourcesBuildPhase section */
		B0C84EF81AD66AC800E11756 /* Resources */ = {
			isa = PBXResourcesBuildPhase;
			buildActionMask = 2147483647;
			files = (
				B0C84F071AD66AC800E11756 /* Main.storyboard in Resources */,
				B0C84F0C1AD66AC800E11756 /* LaunchScreen.xib in Resources */,
				B0C84F091AD66AC800E11756 /* Images.xcassets in Resources */,
			);
			runOnlyForDeploymentPostprocessing = 0;
		};
		B0C84F0F1AD66AC800E11756 /* Resources */ = {
			isa = PBXResourcesBuildPhase;
			buildActionMask = 2147483647;
			files = (
			);
			runOnlyForDeploymentPostprocessing = 0;
		};
/* End PBXResourcesBuildPhase section */

/* Begin PBXSourcesBuildPhase section */
		B0C84EF61AD66AC800E11756 /* Sources */ = {
			isa = PBXSourcesBuildPhase;
			buildActionMask = 2147483647;
			files = (
				B0C84F041AD66AC800E11756 /* SecondViewController.swift in Sources */,
				B0C84F001AD66AC800E11756 /* AppDelegate.swift in Sources */,
				B0C84F021AD66AC800E11756 /* FirstViewController.swift in Sources */,
			);
			runOnlyForDeploymentPostprocessing = 0;
		};
		B0C84F0D1AD66AC800E11756 /* Sources */ = {
			isa = PBXSourcesBuildPhase;
			buildActionMask = 2147483647;
			files = (
				B0C84F181AD66AC800E11756 /* tabTestTests.swift in Sources */,
			);
			runOnlyForDeploymentPostprocessing = 0;
		};
/* End PBXSourcesBuildPhase section */

/* Begin PBXTargetDependency section */
		B0C84F131AD66AC800E11756 /* PBXTargetDependency */ = {
			isa = PBXTargetDependency;
			target = B0C84EF91AD66AC800E11756 /* tabTest */;
			targetProxy = B0C84F121AD66AC800E11756 /* PBXContainerItemProxy */;
		};
/* End PBXTargetDependency section */

/* Begin PBXVariantGroup section */
		B0C84F051AD66AC800E11756 /* Main.storyboard */ = {
			isa = PBXVariantGroup;
			children = (
				B0C84F061AD66AC800E11756 /* Base */,
			);
			name = Main.storyboard;
			sourceTree = "<group>";
		};
		B0C84F0A1AD66AC800E11756 /* LaunchScreen.xib */ = {
			isa = PBXVariantGroup;
			children = (
				B0C84F0B1AD66AC800E11756 /* Base */,
			);
			name = LaunchScreen.xib;
			sourceTree = "<group>";
		};
/* End PBXVariantGroup section */

/* Begin XCBuildConfiguration section */
		B0C84F191AD66AC800E11756 /* Debug */ = {
			isa = XCBuildConfiguration;
			buildSettings = {
				ALWAYS_SEARCH_USER_PATHS = NO;
				CLANG_CXX_LANGUAGE_STANDARD = "gnu++0x";
				CLANG_CXX_LIBRARY = "libc++";
				CLANG_ENABLE_MODULES = YES;
				CLANG_ENABLE_OBJC_ARC = YES;
				CLANG_WARN_BOOL_CONVERSION = YES;
				CLANG_WARN_CONSTANT_CONVERSION = YES;
				CLANG_WARN_DIRECT_OBJC_ISA_USAGE = YES_ERROR;
				CLANG_WARN_EMPTY_BODY = YES;
				CLANG_WARN_ENUM_CONVERSION = YES;
				CLANG_WARN_INT_CONVERSION = YES;
				CLANG_WARN_OBJC_ROOT_CLASS = YES_ERROR;
				CLANG_WARN_UNREACHABLE_CODE = YES;
				CLANG_WARN__DUPLICATE_METHOD_MATCH = YES;
				"CODE_SIGN_IDENTITY[sdk=iphoneos*]" = "iPhone Developer";
				COPY_PHASE_STRIP = NO;
				ENABLE_STRICT_OBJC_MSGSEND = YES;
				GCC_C_LANGUAGE_STANDARD = gnu99;
				GCC_DYNAMIC_NO_PIC = NO;
				GCC_OPTIMIZATION_LEVEL = 0;
				GCC_PREPROCESSOR_DEFINITIONS = (
					"DEBUG=1",
					"$(inherited)",
				);
				GCC_SYMBOLS_PRIVATE_EXTERN = NO;
				GCC_WARN_64_TO_32_BIT_CONVERSION = YES;
				GCC_WARN_ABOUT_RETURN_TYPE = YES_ERROR;
				GCC_WARN_UNDECLARED_SELECTOR = YES;
				GCC_WARN_UNINITIALIZED_AUTOS = YES_AGGRESSIVE;
				GCC_WARN_UNUSED_FUNCTION = YES;
				GCC_WARN_UNUSED_VARIABLE = YES;
				IPHONEOS_DEPLOYMENT_TARGET = 8.2;
				MTL_ENABLE_DEBUG_INFO = YES;
				ONLY_ACTIVE_ARCH = YES;
				SDKROOT = iphoneos;
				SWIFT_OPTIMIZATION_LEVEL = "-Onone";
				TARGETED_DEVICE_FAMILY = "1,2";
			};
			name = Debug;
		};
		B0C84F1A1AD66AC800E11756 /* Release */ = {
			isa = XCBuildConfiguration;
			buildSettings = {
				ALWAYS_SEARCH_USER_PATHS = NO;
				CLANG_CXX_LANGUAGE_STANDARD = "gnu++0x";
				CLANG_CXX_LIBRARY = "libc++";
				CLANG_ENABLE_MODULES = YES;
				CLANG_ENABLE_OBJC_ARC = YES;
				CLANG_WARN_BOOL_CONVERSION = YES;
				CLANG_WARN_CONSTANT_CONVERSION = YES;
				CLANG_WARN_DIRECT_OBJC_ISA_USAGE = YES_ERROR;
				CLANG_WARN_EMPTY_BODY = YES;
				CLANG_WARN_ENUM_CONVERSION = YES;
				CLANG_WARN_INT_CONVERSION = YES;
				CLANG_WARN_OBJC_ROOT_CLASS = YES_ERROR;
				CLANG_WARN_UNREACHABLE_CODE = YES;
				CLANG_WARN__DUPLICATE_METHOD_MATCH = YES;
				"CODE_SIGN_IDENTITY[sdk=iphoneos*]" = "iPhone Developer";
				COPY_PHASE_STRIP = NO;
				ENABLE_NS_ASSERTIONS = NO;
				ENABLE_STRICT_OBJC_MSGSEND = YES;
				GCC_C_LANGUAGE_STANDARD = gnu99;
				GCC_WARN_64_TO_32_BIT_CONVERSION = YES;
				GCC_WARN_ABOUT_RETURN_TYPE = YES_ERROR;
				GCC_WARN_UNDECLARED_SELECTOR = YES;
				GCC_WARN_UNINITIALIZED_AUTOS = YES_AGGRESSIVE;
				GCC_WARN_UNUSED_FUNCTION = YES;
				GCC_WARN_UNUSED_VARIABLE = YES;
				IPHONEOS_DEPLOYMENT_TARGET = 8.2;
				MTL_ENABLE_DEBUG_INFO = NO;
				SDKROOT = iphoneos;
				TARGETED_DEVICE_FAMILY = "1,2";
				VALIDATE_PRODUCT = YES;
			};
			name = Release;
		};
		B0C84F1C1AD66AC800E11756 /* Debug */ = {
			isa = XCBuildConfiguration;
			buildSettings = {
				ASSETCATALOG_COMPILER_APPICON_NAME = AppIcon;
				INFOPLIST_FILE = tabTest/Info.plist;
				LD_RUNPATH_SEARCH_PATHS = "$(inherited) @executable_path/Frameworks";
				PRODUCT_NAME = "$(TARGET_NAME)";
			};
			name = Debug;
		};
		B0C84F1D1AD66AC800E11756 /* Release */ = {
			isa = XCBuildConfiguration;
			buildSettings = {
				ASSETCATALOG_COMPILER_APPICON_NAME = AppIcon;
				INFOPLIST_FILE = tabTest/Info.plist;
				LD_RUNPATH_SEARCH_PATHS = "$(inherited) @executable_path/Frameworks";
				PRODUCT_NAME = "$(TARGET_NAME)";
			};
			name = Release;
		};
		B0C84F1F1AD66AC800E11756 /* Debug */ = {
			isa = XCBuildConfiguration;
			buildSettings = {
				BUNDLE_LOADER = "$(TEST_HOST)";
				FRAMEWORK_SEARCH_PATHS = (
					"$(SDKROOT)/Developer/Library/Frameworks",
					"$(inherited)",
				);
				GCC_PREPROCESSOR_DEFINITIONS = (
					"DEBUG=1",
					"$(inherited)",
				);
				INFOPLIST_FILE = tabTestTests/Info.plist;
				LD_RUNPATH_SEARCH_PATHS = "$(inherited) @executable_path/Frameworks @loader_path/Frameworks";
				PRODUCT_NAME = "$(TARGET_NAME)";
				TEST_HOST = "$(BUILT_PRODUCTS_DIR)/tabTest.app/tabTest";
			};
			name = Debug;
		};
		B0C84F201AD66AC800E11756 /* Release */ = {
			isa = XCBuildConfiguration;
			buildSettings = {
				BUNDLE_LOADER = "$(TEST_HOST)";
				FRAMEWORK_SEARCH_PATHS = (
					"$(SDKROOT)/Developer/Library/Frameworks",
					"$(inherited)",
				);
				INFOPLIST_FILE = tabTestTests/Info.plist;
				LD_RUNPATH_SEARCH_PATHS = "$(inherited) @executable_path/Frameworks @loader_path/Frameworks";
				PRODUCT_NAME = "$(TARGET_NAME)";
				TEST_HOST = "$(BUILT_PRODUCTS_DIR)/tabTest.app/tabTest";
			};
			name = Release;
		};
/* End XCBuildConfiguration section */

/* Begin XCConfigurationList section */
		B0C84EF51AD66AC800E11756 /* Build configuration list for PBXProject "tabTest" */ = {
			isa = XCConfigurationList;
			buildConfigurations = (
				B0C84F191AD66AC800E11756 /* Debug */,
				B0C84F1A1AD66AC800E11756 /* Release */,
			);
			defaultConfigurationIsVisible = 0;
			defaultConfigurationName = Release;
		};
		B0C84F1B1AD66AC800E11756 /* Build configuration list for PBXNativeTarget "tabTest" */ = {
			isa = XCConfigurationList;
			buildConfigurations = (
				B0C84F1C1AD66AC800E11756 /* Debug */,
				B0C84F1D1AD66AC800E11756 /* Release */,
			);
			defaultConfigurationIsVisible = 0;
		};
		B0C84F1E1AD66AC800E11756 /* Build configuration list for PBXNativeTarget "tabTestTests" */ = {
			isa = XCConfigurationList;
			buildConfigurations = (
				B0C84F1F1AD66AC800E11756 /* Debug */,
				B0C84F201AD66AC800E11756 /* Release */,
			);
			defaultConfigurationIsVisible = 0;
		};
/* End XCConfigurationList section */
	};
	rootObject = B0C84EF21AD66AC800E11756 /* Project object */;
}
